// !$*UTF8*$!
{
	archiveVersion = 1;
	classes = {
	};
	objectVersion = 46;
	objects = {

/* Begin PBXBuildFile section */
		0A10B9D513BF2A431F2FEB6C /* Pods_InstaMelody.framework in Frameworks */ = {isa = PBXBuildFile; fileRef = 6C4BFAFF7F0F445B4DF19637 /* Pods_InstaMelody.framework */; settings = {ATTRIBUTES = (Weak, ); }; };
		8707F9B51B446F57004B4C20 /* main.m in Sources */ = {isa = PBXBuildFile; fileRef = 8707F9B41B446F57004B4C20 /* main.m */; };
		8707F9B81B446F57004B4C20 /* AppDelegate.m in Sources */ = {isa = PBXBuildFile; fileRef = 8707F9B71B446F57004B4C20 /* AppDelegate.m */; };
		8707F9BB1B446F57004B4C20 /* FirstViewController.m in Sources */ = {isa = PBXBuildFile; fileRef = 8707F9BA1B446F57004B4C20 /* FirstViewController.m */; };
		8707F9C11B446F57004B4C20 /* Main.storyboard in Resources */ = {isa = PBXBuildFile; fileRef = 8707F9BF1B446F57004B4C20 /* Main.storyboard */; };
		8707F9C31B446F57004B4C20 /* Images.xcassets in Resources */ = {isa = PBXBuildFile; fileRef = 8707F9C21B446F57004B4C20 /* Images.xcassets */; };
		8707F9C61B446F57004B4C20 /* LaunchScreen.xib in Resources */ = {isa = PBXBuildFile; fileRef = 8707F9C41B446F57004B4C20 /* LaunchScreen.xib */; };
		8707F9D21B446F57004B4C20 /* InstaMelodyTests.m in Sources */ = {isa = PBXBuildFile; fileRef = 8707F9D11B446F57004B4C20 /* InstaMelodyTests.m */; };
		8707F9DD1B4475E9004B4C20 /* SignUpViewController.m in Sources */ = {isa = PBXBuildFile; fileRef = 8707F9DC1B4475E9004B4C20 /* SignUpViewController.m */; };
		8707F9F21B4476BD004B4C20 /* AFHTTPRequestOperation.m in Sources */ = {isa = PBXBuildFile; fileRef = 8707F9E01B4476BC004B4C20 /* AFHTTPRequestOperation.m */; };
		8707F9F31B4476BD004B4C20 /* AFHTTPRequestOperationManager.m in Sources */ = {isa = PBXBuildFile; fileRef = 8707F9E21B4476BC004B4C20 /* AFHTTPRequestOperationManager.m */; };
		8707F9F41B4476BD004B4C20 /* AFHTTPSessionManager.m in Sources */ = {isa = PBXBuildFile; fileRef = 8707F9E41B4476BC004B4C20 /* AFHTTPSessionManager.m */; };
		8707F9F51B4476BD004B4C20 /* AFNetworkReachabilityManager.m in Sources */ = {isa = PBXBuildFile; fileRef = 8707F9E71B4476BC004B4C20 /* AFNetworkReachabilityManager.m */; };
		8707F9F61B4476BD004B4C20 /* AFSecurityPolicy.m in Sources */ = {isa = PBXBuildFile; fileRef = 8707F9E91B4476BC004B4C20 /* AFSecurityPolicy.m */; };
		8707F9F71B4476BD004B4C20 /* AFURLConnectionOperation.m in Sources */ = {isa = PBXBuildFile; fileRef = 8707F9EB1B4476BD004B4C20 /* AFURLConnectionOperation.m */; };
		8707F9F81B4476BD004B4C20 /* AFURLRequestSerialization.m in Sources */ = {isa = PBXBuildFile; fileRef = 8707F9ED1B4476BD004B4C20 /* AFURLRequestSerialization.m */; };
		8707F9F91B4476BD004B4C20 /* AFURLResponseSerialization.m in Sources */ = {isa = PBXBuildFile; fileRef = 8707F9EF1B4476BD004B4C20 /* AFURLResponseSerialization.m */; };
		8707F9FA1B4476BD004B4C20 /* AFURLSessionManager.m in Sources */ = {isa = PBXBuildFile; fileRef = 8707F9F11B4476BD004B4C20 /* AFURLSessionManager.m */; };
		87098F601B74E88000C3E7C9 /* CreateChatViewController.m in Sources */ = {isa = PBXBuildFile; fileRef = 87098F5F1B74E88000C3E7C9 /* CreateChatViewController.m */; };
		87175C531B4ADCEA00C042E4 /* ChatsTableViewController.m in Sources */ = {isa = PBXBuildFile; fileRef = 87175C521B4ADCEA00C042E4 /* ChatsTableViewController.m */; };
		8718CDC41BA7778C00FE6F23 /* NetworkManager.m in Sources */ = {isa = PBXBuildFile; fileRef = 8718CDC31BA7778C00FE6F23 /* NetworkManager.m */; };
		872BB5681B74AD26004CDBE7 /* FriendCell.m in Sources */ = {isa = PBXBuildFile; fileRef = 872BB5671B74AD26004CDBE7 /* FriendCell.m */; };
		872BB56B1B74B56C004CDBE7 /* ChatCell.m in Sources */ = {isa = PBXBuildFile; fileRef = 872BB56A1B74B56C004CDBE7 /* ChatCell.m */; };
		872BB56E1B74BC36004CDBE7 /* ChatViewController.m in Sources */ = {isa = PBXBuildFile; fileRef = 872BB56D1B74BC36004CDBE7 /* ChatViewController.m */; };
		872BB5A01B74CAD1004CDBE7 /* AwesomeMenu.m in Sources */ = {isa = PBXBuildFile; fileRef = 872BB59D1B74CAD1004CDBE7 /* AwesomeMenu.m */; };
		872BB5A11B74CAD1004CDBE7 /* AwesomeMenuItem.m in Sources */ = {isa = PBXBuildFile; fileRef = 872BB59F1B74CAD1004CDBE7 /* AwesomeMenuItem.m */; };
		873FCFE51BB7355F00CE2B44 /* MelodyCell.m in Sources */ = {isa = PBXBuildFile; fileRef = 873FCFE41BB7355F00CE2B44 /* MelodyCell.m */; };
		873FCFEA1BB73C9400CE2B44 /* MelodyGroupController.m in Sources */ = {isa = PBXBuildFile; fileRef = 873FCFE91BB73C9400CE2B44 /* MelodyGroupController.m */; };
		87538B7D1BB72BE500F7F9D8 /* UsersCell.m in Sources */ = {isa = PBXBuildFile; fileRef = 87538B7C1BB72BE500F7F9D8 /* UsersCell.m */; };
		87538B801BB72C6400F7F9D8 /* UserCell.m in Sources */ = {isa = PBXBuildFile; fileRef = 87538B7F1BB72C6400F7F9D8 /* UserCell.m */; };
		875C19FE1BB5F3B3007B14DE /* FontAwesome.ttf in Resources */ = {isa = PBXBuildFile; fileRef = 875C19FD1BB5F3B3007B14DE /* FontAwesome.ttf */; };
		878FAD601BAC6E1D00260D5B /* UserMelodyListViewController.m in Sources */ = {isa = PBXBuildFile; fileRef = 878FAD5F1BAC6E1D00260D5B /* UserMelodyListViewController.m */; };
		87915E8B1B9F4AC300628937 /* placeholder.png in Resources */ = {isa = PBXBuildFile; fileRef = 87915E8A1B9F4AC300628937 /* placeholder.png */; };
		879CCC541B81D2870031FDCC /* Model.xcdatamodeld in Sources */ = {isa = PBXBuildFile; fileRef = 879CCC521B81D2870031FDCC /* Model.xcdatamodeld */; };
		879CCC5A1B81D4860031FDCC /* Friend.m in Sources */ = {isa = PBXBuildFile; fileRef = 879CCC591B81D4860031FDCC /* Friend.m */; };
		879CCC5D1B81D6460031FDCC /* DataManager.m in Sources */ = {isa = PBXBuildFile; fileRef = 879CCC5C1B81D6460031FDCC /* DataManager.m */; };
		87AF84751BB6B17500FCD3E1 /* VolumeViewController.m in Sources */ = {isa = PBXBuildFile; fileRef = 87AF84741BB6B17500FCD3E1 /* VolumeViewController.m */; };
		87C84E9C1BAC848400A99239 /* UserMelody.m in Sources */ = {isa = PBXBuildFile; fileRef = 87C84E991BAC848400A99239 /* UserMelody.m */; };
		87C84E9D1BAC848400A99239 /* UserMelodyPart.m in Sources */ = {isa = PBXBuildFile; fileRef = 87C84E9B1BAC848400A99239 /* UserMelodyPart.m */; };
		87CFE8BC1B829426009A4B6D /* MelodyGroup.m in Sources */ = {isa = PBXBuildFile; fileRef = 87CFE8BB1B829426009A4B6D /* MelodyGroup.m */; };
		87CFE8BF1B829427009A4B6D /* Melody.m in Sources */ = {isa = PBXBuildFile; fileRef = 87CFE8BE1B829427009A4B6D /* Melody.m */; };
		87CFE8C61B82AAA3009A4B6D /* LoopViewController.m in Sources */ = {isa = PBXBuildFile; fileRef = 87CFE8C51B82AAA3009A4B6D /* LoopViewController.m */; };
		87D472351B749891008075B8 /* HomeViewController.m in Sources */ = {isa = PBXBuildFile; fileRef = 87D472341B749891008075B8 /* HomeViewController.m */; };
		87D472381B74A719008075B8 /* FriendsTableViewController.m in Sources */ = {isa = PBXBuildFile; fileRef = 87D472371B74A719008075B8 /* FriendsTableViewController.m */; };
		87DA195F1B72872A00941DCE /* SignInViewController.m in Sources */ = {isa = PBXBuildFile; fileRef = 87DA195E1B72872A00941DCE /* SignInViewController.m */; };
		87E6F4741BB6936D009E3EA8 /* IMMessagesViewController.m in Sources */ = {isa = PBXBuildFile; fileRef = 87E6F4721BB6936D009E3EA8 /* IMMessagesViewController.m */; };
		87E6F4751BB6936D009E3EA8 /* IMMessagesViewController.xib in Resources */ = {isa = PBXBuildFile; fileRef = 87E6F4731BB6936D009E3EA8 /* IMMessagesViewController.xib */; };
		87EBFB431BB6154900AA5F70 /* StationViewController.m in Sources */ = {isa = PBXBuildFile; fileRef = 87EBFB421BB6154900AA5F70 /* StationViewController.m */; };
		87EBFB461BB64C7900AA5F70 /* StationCell.m in Sources */ = {isa = PBXBuildFile; fileRef = 87EBFB451BB64C7900AA5F70 /* StationCell.m */; };
/* End PBXBuildFile section */

/* Begin PBXContainerItemProxy section */
		8707F9CC1B446F57004B4C20 /* PBXContainerItemProxy */ = {
			isa = PBXContainerItemProxy;
			containerPortal = 8707F9A71B446F57004B4C20 /* Project object */;
			proxyType = 1;
			remoteGlobalIDString = 8707F9AE1B446F57004B4C20;
			remoteInfo = InstaMelody;
		};
/* End PBXContainerItemProxy section */

/* Begin PBXFileReference section */
		6C4BFAFF7F0F445B4DF19637 /* Pods_InstaMelody.framework */ = {isa = PBXFileReference; explicitFileType = wrapper.framework; includeInIndex = 0; path = Pods_InstaMelody.framework; sourceTree = BUILT_PRODUCTS_DIR; };
		7E4C9DC22F5EAEA430AB4E1D /* Pods-InstaMelody.debug.xcconfig */ = {isa = PBXFileReference; includeInIndex = 1; lastKnownFileType = text.xcconfig; name = "Pods-InstaMelody.debug.xcconfig"; path = "Pods/Target Support Files/Pods-InstaMelody/Pods-InstaMelody.debug.xcconfig"; sourceTree = "<group>"; };
		85A8BE665FB43D9DB14E6A1E /* Pods-InstaMelody.release.xcconfig */ = {isa = PBXFileReference; includeInIndex = 1; lastKnownFileType = text.xcconfig; name = "Pods-InstaMelody.release.xcconfig"; path = "Pods/Target Support Files/Pods-InstaMelody/Pods-InstaMelody.release.xcconfig"; sourceTree = "<group>"; };
		8707F9AF1B446F57004B4C20 /* InstaMelody.app */ = {isa = PBXFileReference; explicitFileType = wrapper.application; includeInIndex = 0; path = InstaMelody.app; sourceTree = BUILT_PRODUCTS_DIR; };
		8707F9B31B446F57004B4C20 /* Info.plist */ = {isa = PBXFileReference; lastKnownFileType = text.plist.xml; path = Info.plist; sourceTree = "<group>"; };
		8707F9B41B446F57004B4C20 /* main.m */ = {isa = PBXFileReference; lastKnownFileType = sourcecode.c.objc; path = main.m; sourceTree = "<group>"; };
		8707F9B61B446F57004B4C20 /* AppDelegate.h */ = {isa = PBXFileReference; lastKnownFileType = sourcecode.c.h; path = AppDelegate.h; sourceTree = "<group>"; };
		8707F9B71B446F57004B4C20 /* AppDelegate.m */ = {isa = PBXFileReference; lastKnownFileType = sourcecode.c.objc; path = AppDelegate.m; sourceTree = "<group>"; };
		8707F9B91B446F57004B4C20 /* FirstViewController.h */ = {isa = PBXFileReference; lastKnownFileType = sourcecode.c.h; name = FirstViewController.h; path = ../FirstViewController.h; sourceTree = "<group>"; };
		8707F9BA1B446F57004B4C20 /* FirstViewController.m */ = {isa = PBXFileReference; lastKnownFileType = sourcecode.c.objc; name = FirstViewController.m; path = ../FirstViewController.m; sourceTree = "<group>"; };
		8707F9C01B446F57004B4C20 /* Base */ = {isa = PBXFileReference; lastKnownFileType = file.storyboard; name = Base; path = Base.lproj/Main.storyboard; sourceTree = "<group>"; };
		8707F9C21B446F57004B4C20 /* Images.xcassets */ = {isa = PBXFileReference; lastKnownFileType = folder.assetcatalog; path = Images.xcassets; sourceTree = "<group>"; };
		8707F9C51B446F57004B4C20 /* Base */ = {isa = PBXFileReference; lastKnownFileType = file.xib; name = Base; path = Base.lproj/LaunchScreen.xib; sourceTree = "<group>"; };
		8707F9CB1B446F57004B4C20 /* InstaMelodyTests.xctest */ = {isa = PBXFileReference; explicitFileType = wrapper.cfbundle; includeInIndex = 0; path = InstaMelodyTests.xctest; sourceTree = BUILT_PRODUCTS_DIR; };
		8707F9D01B446F57004B4C20 /* Info.plist */ = {isa = PBXFileReference; lastKnownFileType = text.plist.xml; path = Info.plist; sourceTree = "<group>"; };
		8707F9D11B446F57004B4C20 /* InstaMelodyTests.m */ = {isa = PBXFileReference; lastKnownFileType = sourcecode.c.objc; path = InstaMelodyTests.m; sourceTree = "<group>"; };
		8707F9DB1B4475E9004B4C20 /* SignUpViewController.h */ = {isa = PBXFileReference; fileEncoding = 4; lastKnownFileType = sourcecode.c.h; path = SignUpViewController.h; sourceTree = SOURCE_ROOT; };
		8707F9DC1B4475E9004B4C20 /* SignUpViewController.m */ = {isa = PBXFileReference; fileEncoding = 4; lastKnownFileType = sourcecode.c.objc; path = SignUpViewController.m; sourceTree = SOURCE_ROOT; };
		8707F9DF1B4476BC004B4C20 /* AFHTTPRequestOperation.h */ = {isa = PBXFileReference; fileEncoding = 4; lastKnownFileType = sourcecode.c.h; path = AFHTTPRequestOperation.h; sourceTree = "<group>"; };
		8707F9E01B4476BC004B4C20 /* AFHTTPRequestOperation.m */ = {isa = PBXFileReference; fileEncoding = 4; lastKnownFileType = sourcecode.c.objc; path = AFHTTPRequestOperation.m; sourceTree = "<group>"; };
		8707F9E11B4476BC004B4C20 /* AFHTTPRequestOperationManager.h */ = {isa = PBXFileReference; fileEncoding = 4; lastKnownFileType = sourcecode.c.h; path = AFHTTPRequestOperationManager.h; sourceTree = "<group>"; };
		8707F9E21B4476BC004B4C20 /* AFHTTPRequestOperationManager.m */ = {isa = PBXFileReference; fileEncoding = 4; lastKnownFileType = sourcecode.c.objc; path = AFHTTPRequestOperationManager.m; sourceTree = "<group>"; };
		8707F9E31B4476BC004B4C20 /* AFHTTPSessionManager.h */ = {isa = PBXFileReference; fileEncoding = 4; lastKnownFileType = sourcecode.c.h; path = AFHTTPSessionManager.h; sourceTree = "<group>"; };
		8707F9E41B4476BC004B4C20 /* AFHTTPSessionManager.m */ = {isa = PBXFileReference; fileEncoding = 4; lastKnownFileType = sourcecode.c.objc; path = AFHTTPSessionManager.m; sourceTree = "<group>"; };
		8707F9E51B4476BC004B4C20 /* AFNetworking.h */ = {isa = PBXFileReference; fileEncoding = 4; lastKnownFileType = sourcecode.c.h; path = AFNetworking.h; sourceTree = "<group>"; };
		8707F9E61B4476BC004B4C20 /* AFNetworkReachabilityManager.h */ = {isa = PBXFileReference; fileEncoding = 4; lastKnownFileType = sourcecode.c.h; path = AFNetworkReachabilityManager.h; sourceTree = "<group>"; };
		8707F9E71B4476BC004B4C20 /* AFNetworkReachabilityManager.m */ = {isa = PBXFileReference; fileEncoding = 4; lastKnownFileType = sourcecode.c.objc; path = AFNetworkReachabilityManager.m; sourceTree = "<group>"; };
		8707F9E81B4476BC004B4C20 /* AFSecurityPolicy.h */ = {isa = PBXFileReference; fileEncoding = 4; lastKnownFileType = sourcecode.c.h; path = AFSecurityPolicy.h; sourceTree = "<group>"; };
		8707F9E91B4476BC004B4C20 /* AFSecurityPolicy.m */ = {isa = PBXFileReference; fileEncoding = 4; lastKnownFileType = sourcecode.c.objc; path = AFSecurityPolicy.m; sourceTree = "<group>"; };
		8707F9EA1B4476BD004B4C20 /* AFURLConnectionOperation.h */ = {isa = PBXFileReference; fileEncoding = 4; lastKnownFileType = sourcecode.c.h; path = AFURLConnectionOperation.h; sourceTree = "<group>"; };
		8707F9EB1B4476BD004B4C20 /* AFURLConnectionOperation.m */ = {isa = PBXFileReference; fileEncoding = 4; lastKnownFileType = sourcecode.c.objc; path = AFURLConnectionOperation.m; sourceTree = "<group>"; };
		8707F9EC1B4476BD004B4C20 /* AFURLRequestSerialization.h */ = {isa = PBXFileReference; fileEncoding = 4; lastKnownFileType = sourcecode.c.h; path = AFURLRequestSerialization.h; sourceTree = "<group>"; };
		8707F9ED1B4476BD004B4C20 /* AFURLRequestSerialization.m */ = {isa = PBXFileReference; fileEncoding = 4; lastKnownFileType = sourcecode.c.objc; path = AFURLRequestSerialization.m; sourceTree = "<group>"; };
		8707F9EE1B4476BD004B4C20 /* AFURLResponseSerialization.h */ = {isa = PBXFileReference; fileEncoding = 4; lastKnownFileType = sourcecode.c.h; path = AFURLResponseSerialization.h; sourceTree = "<group>"; };
		8707F9EF1B4476BD004B4C20 /* AFURLResponseSerialization.m */ = {isa = PBXFileReference; fileEncoding = 4; lastKnownFileType = sourcecode.c.objc; path = AFURLResponseSerialization.m; sourceTree = "<group>"; };
		8707F9F01B4476BD004B4C20 /* AFURLSessionManager.h */ = {isa = PBXFileReference; fileEncoding = 4; lastKnownFileType = sourcecode.c.h; path = AFURLSessionManager.h; sourceTree = "<group>"; };
		8707F9F11B4476BD004B4C20 /* AFURLSessionManager.m */ = {isa = PBXFileReference; fileEncoding = 4; lastKnownFileType = sourcecode.c.objc; path = AFURLSessionManager.m; sourceTree = "<group>"; };
		87098F5E1B74E88000C3E7C9 /* CreateChatViewController.h */ = {isa = PBXFileReference; fileEncoding = 4; lastKnownFileType = sourcecode.c.h; path = CreateChatViewController.h; sourceTree = SOURCE_ROOT; };
		87098F5F1B74E88000C3E7C9 /* CreateChatViewController.m */ = {isa = PBXFileReference; fileEncoding = 4; lastKnownFileType = sourcecode.c.objc; path = CreateChatViewController.m; sourceTree = SOURCE_ROOT; };
		87175C511B4ADCEA00C042E4 /* ChatsTableViewController.h */ = {isa = PBXFileReference; fileEncoding = 4; lastKnownFileType = sourcecode.c.h; name = ChatsTableViewController.h; path = ../ChatsTableViewController.h; sourceTree = "<group>"; };
		87175C521B4ADCEA00C042E4 /* ChatsTableViewController.m */ = {isa = PBXFileReference; fileEncoding = 4; lastKnownFileType = sourcecode.c.objc; name = ChatsTableViewController.m; path = ../ChatsTableViewController.m; sourceTree = "<group>"; };
		8718CDC21BA7778C00FE6F23 /* NetworkManager.h */ = {isa = PBXFileReference; fileEncoding = 4; lastKnownFileType = sourcecode.c.h; path = NetworkManager.h; sourceTree = "<group>"; };
		8718CDC31BA7778C00FE6F23 /* NetworkManager.m */ = {isa = PBXFileReference; fileEncoding = 4; lastKnownFileType = sourcecode.c.objc; path = NetworkManager.m; sourceTree = "<group>"; };
		872BB5661B74AD26004CDBE7 /* FriendCell.h */ = {isa = PBXFileReference; fileEncoding = 4; lastKnownFileType = sourcecode.c.h; path = FriendCell.h; sourceTree = "<group>"; };
		872BB5671B74AD26004CDBE7 /* FriendCell.m */ = {isa = PBXFileReference; fileEncoding = 4; lastKnownFileType = sourcecode.c.objc; path = FriendCell.m; sourceTree = "<group>"; };
		872BB5691B74B56C004CDBE7 /* ChatCell.h */ = {isa = PBXFileReference; fileEncoding = 4; lastKnownFileType = sourcecode.c.h; path = ChatCell.h; sourceTree = "<group>"; };
		872BB56A1B74B56C004CDBE7 /* ChatCell.m */ = {isa = PBXFileReference; fileEncoding = 4; lastKnownFileType = sourcecode.c.objc; path = ChatCell.m; sourceTree = "<group>"; };
		872BB56C1B74BC36004CDBE7 /* ChatViewController.h */ = {isa = PBXFileReference; fileEncoding = 4; lastKnownFileType = sourcecode.c.h; name = ChatViewController.h; path = ../ChatViewController.h; sourceTree = "<group>"; };
		872BB56D1B74BC36004CDBE7 /* ChatViewController.m */ = {isa = PBXFileReference; fileEncoding = 4; lastKnownFileType = sourcecode.c.objc; name = ChatViewController.m; path = ../ChatViewController.m; sourceTree = "<group>"; };
		872BB59C1B74CAD1004CDBE7 /* AwesomeMenu.h */ = {isa = PBXFileReference; fileEncoding = 4; lastKnownFileType = sourcecode.c.h; path = AwesomeMenu.h; sourceTree = "<group>"; };
		872BB59D1B74CAD1004CDBE7 /* AwesomeMenu.m */ = {isa = PBXFileReference; fileEncoding = 4; lastKnownFileType = sourcecode.c.objc; path = AwesomeMenu.m; sourceTree = "<group>"; };
		872BB59E1B74CAD1004CDBE7 /* AwesomeMenuItem.h */ = {isa = PBXFileReference; fileEncoding = 4; lastKnownFileType = sourcecode.c.h; path = AwesomeMenuItem.h; sourceTree = "<group>"; };
		872BB59F1B74CAD1004CDBE7 /* AwesomeMenuItem.m */ = {isa = PBXFileReference; fileEncoding = 4; lastKnownFileType = sourcecode.c.objc; path = AwesomeMenuItem.m; sourceTree = "<group>"; };
		873FCFE31BB7355F00CE2B44 /* MelodyCell.h */ = {isa = PBXFileReference; fileEncoding = 4; lastKnownFileType = sourcecode.c.h; name = MelodyCell.h; path = View/MelodyCell.h; sourceTree = "<group>"; };
		873FCFE41BB7355F00CE2B44 /* MelodyCell.m */ = {isa = PBXFileReference; fileEncoding = 4; lastKnownFileType = sourcecode.c.objc; name = MelodyCell.m; path = View/MelodyCell.m; sourceTree = "<group>"; };
		873FCFE81BB73C9400CE2B44 /* MelodyGroupController.h */ = {isa = PBXFileReference; fileEncoding = 4; lastKnownFileType = sourcecode.c.h; path = MelodyGroupController.h; sourceTree = "<group>"; };
		873FCFE91BB73C9400CE2B44 /* MelodyGroupController.m */ = {isa = PBXFileReference; fileEncoding = 4; lastKnownFileType = sourcecode.c.objc; path = MelodyGroupController.m; sourceTree = "<group>"; };
		87538B7B1BB72BE500F7F9D8 /* UsersCell.h */ = {isa = PBXFileReference; fileEncoding = 4; lastKnownFileType = sourcecode.c.h; path = UsersCell.h; sourceTree = "<group>"; };
		87538B7C1BB72BE500F7F9D8 /* UsersCell.m */ = {isa = PBXFileReference; fileEncoding = 4; lastKnownFileType = sourcecode.c.objc; path = UsersCell.m; sourceTree = "<group>"; };
		87538B7E1BB72C6400F7F9D8 /* UserCell.h */ = {isa = PBXFileReference; fileEncoding = 4; lastKnownFileType = sourcecode.c.h; name = UserCell.h; path = View/UserCell.h; sourceTree = "<group>"; };
		87538B7F1BB72C6400F7F9D8 /* UserCell.m */ = {isa = PBXFileReference; fileEncoding = 4; lastKnownFileType = sourcecode.c.objc; name = UserCell.m; path = View/UserCell.m; sourceTree = "<group>"; };
		875C19FD1BB5F3B3007B14DE /* FontAwesome.ttf */ = {isa = PBXFileReference; lastKnownFileType = file; name = FontAwesome.ttf; path = Pods/FontAwesome/Resources/FontAwesome.ttf; sourceTree = "<group>"; };
		878FAD5E1BAC6E1D00260D5B /* UserMelodyListViewController.h */ = {isa = PBXFileReference; fileEncoding = 4; lastKnownFileType = sourcecode.c.h; path = UserMelodyListViewController.h; sourceTree = "<group>"; };
		878FAD5F1BAC6E1D00260D5B /* UserMelodyListViewController.m */ = {isa = PBXFileReference; fileEncoding = 4; lastKnownFileType = sourcecode.c.objc; path = UserMelodyListViewController.m; sourceTree = "<group>"; };
		87915E8A1B9F4AC300628937 /* placeholder.png */ = {isa = PBXFileReference; lastKnownFileType = image.png; path = placeholder.png; sourceTree = SOURCE_ROOT; };
		879CCC531B81D2870031FDCC /* Model.xcdatamodel */ = {isa = PBXFileReference; lastKnownFileType = wrapper.xcdatamodel; path = Model.xcdatamodel; sourceTree = "<group>"; };
		879CCC581B81D4860031FDCC /* Friend.h */ = {isa = PBXFileReference; fileEncoding = 4; lastKnownFileType = sourcecode.c.h; path = Friend.h; sourceTree = "<group>"; };
		879CCC591B81D4860031FDCC /* Friend.m */ = {isa = PBXFileReference; fileEncoding = 4; lastKnownFileType = sourcecode.c.objc; path = Friend.m; sourceTree = "<group>"; };
		879CCC5B1B81D6460031FDCC /* DataManager.h */ = {isa = PBXFileReference; fileEncoding = 4; lastKnownFileType = sourcecode.c.h; path = DataManager.h; sourceTree = "<group>"; };
		879CCC5C1B81D6460031FDCC /* DataManager.m */ = {isa = PBXFileReference; fileEncoding = 4; lastKnownFileType = sourcecode.c.objc; path = DataManager.m; sourceTree = "<group>"; };
		87AF84731BB6B17500FCD3E1 /* VolumeViewController.h */ = {isa = PBXFileReference; fileEncoding = 4; lastKnownFileType = sourcecode.c.h; path = VolumeViewController.h; sourceTree = "<group>"; };
		87AF84741BB6B17500FCD3E1 /* VolumeViewController.m */ = {isa = PBXFileReference; fileEncoding = 4; lastKnownFileType = sourcecode.c.objc; path = VolumeViewController.m; sourceTree = "<group>"; };
		87C84E981BAC848400A99239 /* UserMelody.h */ = {isa = PBXFileReference; fileEncoding = 4; lastKnownFileType = sourcecode.c.h; path = UserMelody.h; sourceTree = "<group>"; };
		87C84E991BAC848400A99239 /* UserMelody.m */ = {isa = PBXFileReference; fileEncoding = 4; lastKnownFileType = sourcecode.c.objc; path = UserMelody.m; sourceTree = "<group>"; };
		87C84E9A1BAC848400A99239 /* UserMelodyPart.h */ = {isa = PBXFileReference; fileEncoding = 4; lastKnownFileType = sourcecode.c.h; path = UserMelodyPart.h; sourceTree = "<group>"; };
		87C84E9B1BAC848400A99239 /* UserMelodyPart.m */ = {isa = PBXFileReference; fileEncoding = 4; lastKnownFileType = sourcecode.c.objc; path = UserMelodyPart.m; sourceTree = "<group>"; };
		87CFE8BA1B829426009A4B6D /* MelodyGroup.h */ = {isa = PBXFileReference; fileEncoding = 4; lastKnownFileType = sourcecode.c.h; path = MelodyGroup.h; sourceTree = "<group>"; };
		87CFE8BB1B829426009A4B6D /* MelodyGroup.m */ = {isa = PBXFileReference; fileEncoding = 4; lastKnownFileType = sourcecode.c.objc; path = MelodyGroup.m; sourceTree = "<group>"; };
		87CFE8BD1B829427009A4B6D /* Melody.h */ = {isa = PBXFileReference; fileEncoding = 4; lastKnownFileType = sourcecode.c.h; path = Melody.h; sourceTree = "<group>"; };
		87CFE8BE1B829427009A4B6D /* Melody.m */ = {isa = PBXFileReference; fileEncoding = 4; lastKnownFileType = sourcecode.c.objc; path = Melody.m; sourceTree = "<group>"; };
		87CFE8C41B82AAA3009A4B6D /* LoopViewController.h */ = {isa = PBXFileReference; fileEncoding = 4; lastKnownFileType = sourcecode.c.h; path = LoopViewController.h; sourceTree = "<group>"; };
		87CFE8C51B82AAA3009A4B6D /* LoopViewController.m */ = {isa = PBXFileReference; fileEncoding = 4; lastKnownFileType = sourcecode.c.objc; path = LoopViewController.m; sourceTree = "<group>"; };
		87D472331B749891008075B8 /* HomeViewController.h */ = {isa = PBXFileReference; fileEncoding = 4; lastKnownFileType = sourcecode.c.h; name = HomeViewController.h; path = ../HomeViewController.h; sourceTree = "<group>"; };
		87D472341B749891008075B8 /* HomeViewController.m */ = {isa = PBXFileReference; fileEncoding = 4; lastKnownFileType = sourcecode.c.objc; name = HomeViewController.m; path = ../HomeViewController.m; sourceTree = "<group>"; };
		87D472361B74A719008075B8 /* FriendsTableViewController.h */ = {isa = PBXFileReference; fileEncoding = 4; lastKnownFileType = sourcecode.c.h; path = FriendsTableViewController.h; sourceTree = SOURCE_ROOT; };
		87D472371B74A719008075B8 /* FriendsTableViewController.m */ = {isa = PBXFileReference; fileEncoding = 4; lastKnownFileType = sourcecode.c.objc; path = FriendsTableViewController.m; sourceTree = SOURCE_ROOT; };
		87DA195D1B72872A00941DCE /* SignInViewController.h */ = {isa = PBXFileReference; fileEncoding = 4; lastKnownFileType = sourcecode.c.h; path = SignInViewController.h; sourceTree = SOURCE_ROOT; };
		87DA195E1B72872A00941DCE /* SignInViewController.m */ = {isa = PBXFileReference; fileEncoding = 4; lastKnownFileType = sourcecode.c.objc; path = SignInViewController.m; sourceTree = SOURCE_ROOT; };
		87E6F4711BB6936D009E3EA8 /* IMMessagesViewController.h */ = {isa = PBXFileReference; fileEncoding = 4; lastKnownFileType = sourcecode.c.h; path = IMMessagesViewController.h; sourceTree = "<group>"; };
		87E6F4721BB6936D009E3EA8 /* IMMessagesViewController.m */ = {isa = PBXFileReference; fileEncoding = 4; lastKnownFileType = sourcecode.c.objc; path = IMMessagesViewController.m; sourceTree = "<group>"; };
		87E6F4731BB6936D009E3EA8 /* IMMessagesViewController.xib */ = {isa = PBXFileReference; fileEncoding = 4; lastKnownFileType = file.xib; path = IMMessagesViewController.xib; sourceTree = "<group>"; };
		87EAC92D1B74183D00935178 /* constants.h */ = {isa = PBXFileReference; lastKnownFileType = sourcecode.c.h; path = constants.h; sourceTree = "<group>"; };
		87EBFB411BB6154900AA5F70 /* StationViewController.h */ = {isa = PBXFileReference; fileEncoding = 4; lastKnownFileType = sourcecode.c.h; path = StationViewController.h; sourceTree = "<group>"; };
		87EBFB421BB6154900AA5F70 /* StationViewController.m */ = {isa = PBXFileReference; fileEncoding = 4; lastKnownFileType = sourcecode.c.objc; path = StationViewController.m; sourceTree = "<group>"; };
		87EBFB441BB64C7900AA5F70 /* StationCell.h */ = {isa = PBXFileReference; fileEncoding = 4; lastKnownFileType = sourcecode.c.h; name = StationCell.h; path = View/StationCell.h; sourceTree = "<group>"; };
		87EBFB451BB64C7900AA5F70 /* StationCell.m */ = {isa = PBXFileReference; fileEncoding = 4; lastKnownFileType = sourcecode.c.objc; name = StationCell.m; path = View/StationCell.m; sourceTree = "<group>"; };
/* End PBXFileReference section */

/* Begin PBXFrameworksBuildPhase section */
		8707F9AC1B446F57004B4C20 /* Frameworks */ = {
			isa = PBXFrameworksBuildPhase;
			buildActionMask = 2147483647;
			files = (
				0A10B9D513BF2A431F2FEB6C /* Pods_InstaMelody.framework in Frameworks */,
			);
			runOnlyForDeploymentPostprocessing = 0;
		};
		8707F9C81B446F57004B4C20 /* Frameworks */ = {
			isa = PBXFrameworksBuildPhase;
			buildActionMask = 2147483647;
			files = (
			);
			runOnlyForDeploymentPostprocessing = 0;
		};
/* End PBXFrameworksBuildPhase section */

/* Begin PBXGroup section */
		8707F9A61B446F57004B4C20 = {
			isa = PBXGroup;
			children = (
				875C19FD1BB5F3B3007B14DE /* FontAwesome.ttf */,
				8707F9B11B446F57004B4C20 /* InstaMelody */,
				8707F9CE1B446F57004B4C20 /* InstaMelodyTests */,
				8707F9B01B446F57004B4C20 /* Products */,
				EA93DE5A339495D0F34F13A9 /* Pods */,
				BBCBAEC0539C77E9A4D53598 /* Frameworks */,
			);
			sourceTree = "<group>";
		};
		8707F9B01B446F57004B4C20 /* Products */ = {
			isa = PBXGroup;
			children = (
				8707F9AF1B446F57004B4C20 /* InstaMelody.app */,
				8707F9CB1B446F57004B4C20 /* InstaMelodyTests.xctest */,
			);
			name = Products;
			sourceTree = "<group>";
		};
		8707F9B11B446F57004B4C20 /* InstaMelody */ = {
			isa = PBXGroup;
			children = (
				87915E8A1B9F4AC300628937 /* placeholder.png */,
				879CCC571B81D4860031FDCC /* Model */,
				87CFE8C81B82AAE5009A4B6D /* View */,
				87CFE8C31B82AAA3009A4B6D /* Controller */,
				87CFE8C71B82AAB3009A4B6D /* Third Party */,
				87EAC92D1B74183D00935178 /* constants.h */,
				8707F9B61B446F57004B4C20 /* AppDelegate.h */,
				8707F9B71B446F57004B4C20 /* AppDelegate.m */,
				8707F9BF1B446F57004B4C20 /* Main.storyboard */,
				8707F9C21B446F57004B4C20 /* Images.xcassets */,
				8707F9C41B446F57004B4C20 /* LaunchScreen.xib */,
				8707F9B21B446F57004B4C20 /* Supporting Files */,
			);
			path = InstaMelody;
			sourceTree = "<group>";
		};
		8707F9B21B446F57004B4C20 /* Supporting Files */ = {
			isa = PBXGroup;
			children = (
				8707F9B31B446F57004B4C20 /* Info.plist */,
				8707F9B41B446F57004B4C20 /* main.m */,
			);
			name = "Supporting Files";
			sourceTree = "<group>";
		};
		8707F9CE1B446F57004B4C20 /* InstaMelodyTests */ = {
			isa = PBXGroup;
			children = (
				8707F9D11B446F57004B4C20 /* InstaMelodyTests.m */,
				8707F9CF1B446F57004B4C20 /* Supporting Files */,
			);
			path = InstaMelodyTests;
			sourceTree = "<group>";
		};
		8707F9CF1B446F57004B4C20 /* Supporting Files */ = {
			isa = PBXGroup;
			children = (
				8707F9D01B446F57004B4C20 /* Info.plist */,
			);
			name = "Supporting Files";
			sourceTree = "<group>";
		};
		8707F9DE1B4476BC004B4C20 /* AFNetworking */ = {
			isa = PBXGroup;
			children = (
				8707F9DF1B4476BC004B4C20 /* AFHTTPRequestOperation.h */,
				8707F9E01B4476BC004B4C20 /* AFHTTPRequestOperation.m */,
				8707F9E11B4476BC004B4C20 /* AFHTTPRequestOperationManager.h */,
				8707F9E21B4476BC004B4C20 /* AFHTTPRequestOperationManager.m */,
				8707F9E31B4476BC004B4C20 /* AFHTTPSessionManager.h */,
				8707F9E41B4476BC004B4C20 /* AFHTTPSessionManager.m */,
				8707F9E51B4476BC004B4C20 /* AFNetworking.h */,
				8707F9E61B4476BC004B4C20 /* AFNetworkReachabilityManager.h */,
				8707F9E71B4476BC004B4C20 /* AFNetworkReachabilityManager.m */,
				8707F9E81B4476BC004B4C20 /* AFSecurityPolicy.h */,
				8707F9E91B4476BC004B4C20 /* AFSecurityPolicy.m */,
				8707F9EA1B4476BD004B4C20 /* AFURLConnectionOperation.h */,
				8707F9EB1B4476BD004B4C20 /* AFURLConnectionOperation.m */,
				8707F9EC1B4476BD004B4C20 /* AFURLRequestSerialization.h */,
				8707F9ED1B4476BD004B4C20 /* AFURLRequestSerialization.m */,
				8707F9EE1B4476BD004B4C20 /* AFURLResponseSerialization.h */,
				8707F9EF1B4476BD004B4C20 /* AFURLResponseSerialization.m */,
				8707F9F01B4476BD004B4C20 /* AFURLSessionManager.h */,
				8707F9F11B4476BD004B4C20 /* AFURLSessionManager.m */,
			);
			path = AFNetworking;
			sourceTree = "<group>";
		};
		872BB59B1B74CAD1004CDBE7 /* AwesomeMenu */ = {
			isa = PBXGroup;
			children = (
				872BB59C1B74CAD1004CDBE7 /* AwesomeMenu.h */,
				872BB59D1B74CAD1004CDBE7 /* AwesomeMenu.m */,
				872BB59E1B74CAD1004CDBE7 /* AwesomeMenuItem.h */,
				872BB59F1B74CAD1004CDBE7 /* AwesomeMenuItem.m */,
			);
			path = AwesomeMenu;
			sourceTree = "<group>";
		};
		8737469F1B729C2B0006F2A9 /* login process */ = {
			isa = PBXGroup;
			children = (
				87DA195D1B72872A00941DCE /* SignInViewController.h */,
				87DA195E1B72872A00941DCE /* SignInViewController.m */,
				8707F9DB1B4475E9004B4C20 /* SignUpViewController.h */,
				8707F9DC1B4475E9004B4C20 /* SignUpViewController.m */,
			);
			name = "login process";
			path = ..;
			sourceTree = "<group>";
		};
		873FCFE71BB73C7D00CE2B44 /* melody picker */ = {
			isa = PBXGroup;
			children = (
				873FCFE81BB73C9400CE2B44 /* MelodyGroupController.h */,
				873FCFE91BB73C9400CE2B44 /* MelodyGroupController.m */,
			);
			name = "melody picker";
			sourceTree = "<group>";
		};
		879881F51B9A137800AF5B8B /* Chat */ = {
			isa = PBXGroup;
			children = (
				87175C511B4ADCEA00C042E4 /* ChatsTableViewController.h */,
				87175C521B4ADCEA00C042E4 /* ChatsTableViewController.m */,
				87098F5E1B74E88000C3E7C9 /* CreateChatViewController.h */,
				87098F5F1B74E88000C3E7C9 /* CreateChatViewController.m */,
				872BB56C1B74BC36004CDBE7 /* ChatViewController.h */,
				872BB56D1B74BC36004CDBE7 /* ChatViewController.m */,
			);
			name = Chat;
			sourceTree = "<group>";
		};
		879CCC571B81D4860031FDCC /* Model */ = {
			isa = PBXGroup;
			children = (
				879CCC521B81D2870031FDCC /* Model.xcdatamodeld */,
				8718CDC21BA7778C00FE6F23 /* NetworkManager.h */,
				8718CDC31BA7778C00FE6F23 /* NetworkManager.m */,
				879CCC5B1B81D6460031FDCC /* DataManager.h */,
				879CCC5C1B81D6460031FDCC /* DataManager.m */,
				87CFE8B31B828E76009A4B6D /* Entities */,
			);
			path = Model;
			sourceTree = "<group>";
		};
		87CFE8B31B828E76009A4B6D /* Entities */ = {
			isa = PBXGroup;
			children = (
				87C84E981BAC848400A99239 /* UserMelody.h */,
				87C84E991BAC848400A99239 /* UserMelody.m */,
				87C84E9A1BAC848400A99239 /* UserMelodyPart.h */,
				87C84E9B1BAC848400A99239 /* UserMelodyPart.m */,
				87CFE8BD1B829427009A4B6D /* Melody.h */,
				87CFE8BE1B829427009A4B6D /* Melody.m */,
				87CFE8BA1B829426009A4B6D /* MelodyGroup.h */,
				87CFE8BB1B829426009A4B6D /* MelodyGroup.m */,
				879CCC581B81D4860031FDCC /* Friend.h */,
				879CCC591B81D4860031FDCC /* Friend.m */,
			);
			name = Entities;
			sourceTree = "<group>";
		};
		87CFE8C31B82AAA3009A4B6D /* Controller */ = {
			isa = PBXGroup;
			children = (
				873FCFE71BB73C7D00CE2B44 /* melody picker */,
				8737469F1B729C2B0006F2A9 /* login process */,
				87E6F4711BB6936D009E3EA8 /* IMMessagesViewController.h */,
				87E6F4721BB6936D009E3EA8 /* IMMessagesViewController.m */,
				87E6F4731BB6936D009E3EA8 /* IMMessagesViewController.xib */,
				87CFE8C41B82AAA3009A4B6D /* LoopViewController.h */,
				87CFE8C51B82AAA3009A4B6D /* LoopViewController.m */,
				878FAD5E1BAC6E1D00260D5B /* UserMelodyListViewController.h */,
				878FAD5F1BAC6E1D00260D5B /* UserMelodyListViewController.m */,
				87D472331B749891008075B8 /* HomeViewController.h */,
				87D472341B749891008075B8 /* HomeViewController.m */,
				8707F9B91B446F57004B4C20 /* FirstViewController.h */,
				8707F9BA1B446F57004B4C20 /* FirstViewController.m */,
				879881F51B9A137800AF5B8B /* Chat */,
				87D472361B74A719008075B8 /* FriendsTableViewController.h */,
				87D472371B74A719008075B8 /* FriendsTableViewController.m */,
				87EBFB411BB6154900AA5F70 /* StationViewController.h */,
				87EBFB421BB6154900AA5F70 /* StationViewController.m */,
				87AF84731BB6B17500FCD3E1 /* VolumeViewController.h */,
				87AF84741BB6B17500FCD3E1 /* VolumeViewController.m */,
			);
			path = Controller;
			sourceTree = "<group>";
		};
		87CFE8C71B82AAB3009A4B6D /* Third Party */ = {
			isa = PBXGroup;
			children = (
				872BB59B1B74CAD1004CDBE7 /* AwesomeMenu */,
				8707F9DE1B4476BC004B4C20 /* AFNetworking */,
			);
			name = "Third Party";
			sourceTree = "<group>";
		};
		87CFE8C81B82AAE5009A4B6D /* View */ = {
			isa = PBXGroup;
			children = (
				872BB5661B74AD26004CDBE7 /* FriendCell.h */,
				872BB5671B74AD26004CDBE7 /* FriendCell.m */,
				872BB5691B74B56C004CDBE7 /* ChatCell.h */,
				872BB56A1B74B56C004CDBE7 /* ChatCell.m */,
				87EBFB441BB64C7900AA5F70 /* StationCell.h */,
				87EBFB451BB64C7900AA5F70 /* StationCell.m */,
				87538B7B1BB72BE500F7F9D8 /* UsersCell.h */,
				87538B7C1BB72BE500F7F9D8 /* UsersCell.m */,
				87538B7E1BB72C6400F7F9D8 /* UserCell.h */,
				87538B7F1BB72C6400F7F9D8 /* UserCell.m */,
				873FCFE31BB7355F00CE2B44 /* MelodyCell.h */,
				873FCFE41BB7355F00CE2B44 /* MelodyCell.m */,
			);
			name = View;
			sourceTree = "<group>";
		};
		BBCBAEC0539C77E9A4D53598 /* Frameworks */ = {
			isa = PBXGroup;
			children = (
				6C4BFAFF7F0F445B4DF19637 /* Pods_InstaMelody.framework */,
			);
			name = Frameworks;
			sourceTree = "<group>";
		};
		EA93DE5A339495D0F34F13A9 /* Pods */ = {
			isa = PBXGroup;
			children = (
				7E4C9DC22F5EAEA430AB4E1D /* Pods-InstaMelody.debug.xcconfig */,
				85A8BE665FB43D9DB14E6A1E /* Pods-InstaMelody.release.xcconfig */,
			);
			name = Pods;
			sourceTree = "<group>";
		};
/* End PBXGroup section */

/* Begin PBXNativeTarget section */
		8707F9AE1B446F57004B4C20 /* InstaMelody */ = {
			isa = PBXNativeTarget;
			buildConfigurationList = 8707F9D51B446F57004B4C20 /* Build configuration list for PBXNativeTarget "InstaMelody" */;
			buildPhases = (
				682DB5FEE556F739CCB73B2D /* Check Pods Manifest.lock */,
				8707F9AB1B446F57004B4C20 /* Sources */,
				8707F9AC1B446F57004B4C20 /* Frameworks */,
				8707F9AD1B446F57004B4C20 /* Resources */,
				206560889E9A4B2242FE364C /* Embed Pods Frameworks */,
				5C0189A8A889736A07B044E8 /* Copy Pods Resources */,
			);
			buildRules = (
			);
			dependencies = (
			);
			name = InstaMelody;
			productName = InstaMelody;
			productReference = 8707F9AF1B446F57004B4C20 /* InstaMelody.app */;
			productType = "com.apple.product-type.application";
		};
		8707F9CA1B446F57004B4C20 /* InstaMelodyTests */ = {
			isa = PBXNativeTarget;
			buildConfigurationList = 8707F9D81B446F57004B4C20 /* Build configuration list for PBXNativeTarget "InstaMelodyTests" */;
			buildPhases = (
				8707F9C71B446F57004B4C20 /* Sources */,
				8707F9C81B446F57004B4C20 /* Frameworks */,
				8707F9C91B446F57004B4C20 /* Resources */,
			);
			buildRules = (
			);
			dependencies = (
				8707F9CD1B446F57004B4C20 /* PBXTargetDependency */,
			);
			name = InstaMelodyTests;
			productName = InstaMelodyTests;
			productReference = 8707F9CB1B446F57004B4C20 /* InstaMelodyTests.xctest */;
			productType = "com.apple.product-type.bundle.unit-test";
		};
/* End PBXNativeTarget section */

/* Begin PBXProject section */
		8707F9A71B446F57004B4C20 /* Project object */ = {
			isa = PBXProject;
			attributes = {
				LastUpgradeCheck = 0710;
				ORGANIZATIONNAME = InstaMelody;
				TargetAttributes = {
					8707F9AE1B446F57004B4C20 = {
						CreatedOnToolsVersion = 6.3.2;
						DevelopmentTeam = CXVS93WJ5B;
					};
					8707F9CA1B446F57004B4C20 = {
						CreatedOnToolsVersion = 6.3.2;
						TestTargetID = 8707F9AE1B446F57004B4C20;
					};
				};
			};
			buildConfigurationList = 8707F9AA1B446F57004B4C20 /* Build configuration list for PBXProject "InstaMelody" */;
			compatibilityVersion = "Xcode 3.2";
			developmentRegion = English;
			hasScannedForEncodings = 0;
			knownRegions = (
				en,
				Base,
			);
			mainGroup = 8707F9A61B446F57004B4C20;
			productRefGroup = 8707F9B01B446F57004B4C20 /* Products */;
			projectDirPath = "";
			projectRoot = "";
			targets = (
				8707F9AE1B446F57004B4C20 /* InstaMelody */,
				8707F9CA1B446F57004B4C20 /* InstaMelodyTests */,
			);
		};
/* End PBXProject section */

/* Begin PBXResourcesBuildPhase section */
		8707F9AD1B446F57004B4C20 /* Resources */ = {
			isa = PBXResourcesBuildPhase;
			buildActionMask = 2147483647;
			files = (
				87E6F4751BB6936D009E3EA8 /* IMMessagesViewController.xib in Resources */,
				87915E8B1B9F4AC300628937 /* placeholder.png in Resources */,
				8707F9C11B446F57004B4C20 /* Main.storyboard in Resources */,
				8707F9C61B446F57004B4C20 /* LaunchScreen.xib in Resources */,
				8707F9C31B446F57004B4C20 /* Images.xcassets in Resources */,
				875C19FE1BB5F3B3007B14DE /* FontAwesome.ttf in Resources */,
			);
			runOnlyForDeploymentPostprocessing = 0;
		};
		8707F9C91B446F57004B4C20 /* Resources */ = {
			isa = PBXResourcesBuildPhase;
			buildActionMask = 2147483647;
			files = (
			);
			runOnlyForDeploymentPostprocessing = 0;
		};
/* End PBXResourcesBuildPhase section */

/* Begin PBXShellScriptBuildPhase section */
		206560889E9A4B2242FE364C /* Embed Pods Frameworks */ = {
			isa = PBXShellScriptBuildPhase;
			buildActionMask = 2147483647;
			files = (
			);
			inputPaths = (
			);
			name = "Embed Pods Frameworks";
			outputPaths = (
			);
			runOnlyForDeploymentPostprocessing = 0;
			shellPath = /bin/sh;
			shellScript = "\"${SRCROOT}/Pods/Target Support Files/Pods-InstaMelody/Pods-InstaMelody-frameworks.sh\"\n";
			showEnvVarsInLog = 0;
		};
		5C0189A8A889736A07B044E8 /* Copy Pods Resources */ = {
			isa = PBXShellScriptBuildPhase;
			buildActionMask = 2147483647;
			files = (
			);
			inputPaths = (
			);
			name = "Copy Pods Resources";
			outputPaths = (
			);
			runOnlyForDeploymentPostprocessing = 0;
			shellPath = /bin/sh;
			shellScript = "\"${SRCROOT}/Pods/Target Support Files/Pods-InstaMelody/Pods-InstaMelody-resources.sh\"\n";
			showEnvVarsInLog = 0;
		};
		682DB5FEE556F739CCB73B2D /* Check Pods Manifest.lock */ = {
			isa = PBXShellScriptBuildPhase;
			buildActionMask = 2147483647;
			files = (
			);
			inputPaths = (
			);
			name = "Check Pods Manifest.lock";
			outputPaths = (
			);
			runOnlyForDeploymentPostprocessing = 0;
			shellPath = /bin/sh;
			shellScript = "diff \"${PODS_ROOT}/../Podfile.lock\" \"${PODS_ROOT}/Manifest.lock\" > /dev/null\nif [[ $? != 0 ]] ; then\n    cat << EOM\nerror: The sandbox is not in sync with the Podfile.lock. Run 'pod install' or update your CocoaPods installation.\nEOM\n    exit 1\nfi\n";
			showEnvVarsInLog = 0;
		};
/* End PBXShellScriptBuildPhase section */

/* Begin PBXSourcesBuildPhase section */
		8707F9AB1B446F57004B4C20 /* Sources */ = {
			isa = PBXSourcesBuildPhase;
			buildActionMask = 2147483647;
			files = (
				879CCC5A1B81D4860031FDCC /* Friend.m in Sources */,
				87C84E9D1BAC848400A99239 /* UserMelodyPart.m in Sources */,
				872BB5A11B74CAD1004CDBE7 /* AwesomeMenuItem.m in Sources */,
				8707F9F71B4476BD004B4C20 /* AFURLConnectionOperation.m in Sources */,
				872BB5A01B74CAD1004CDBE7 /* AwesomeMenu.m in Sources */,
				872BB56E1B74BC36004CDBE7 /* ChatViewController.m in Sources */,
				8707F9F21B4476BD004B4C20 /* AFHTTPRequestOperation.m in Sources */,
				87D472381B74A719008075B8 /* FriendsTableViewController.m in Sources */,
				8718CDC41BA7778C00FE6F23 /* NetworkManager.m in Sources */,
				8707F9F51B4476BD004B4C20 /* AFNetworkReachabilityManager.m in Sources */,
				8707F9FA1B4476BD004B4C20 /* AFURLSessionManager.m in Sources */,
				8707F9F81B4476BD004B4C20 /* AFURLRequestSerialization.m in Sources */,
				8707F9F91B4476BD004B4C20 /* AFURLResponseSerialization.m in Sources */,
				8707F9B81B446F57004B4C20 /* AppDelegate.m in Sources */,
				87DA195F1B72872A00941DCE /* SignInViewController.m in Sources */,
				87C84E9C1BAC848400A99239 /* UserMelody.m in Sources */,
				8707F9BB1B446F57004B4C20 /* FirstViewController.m in Sources */,
				873FCFE51BB7355F00CE2B44 /* MelodyCell.m in Sources */,
				87CFE8BF1B829427009A4B6D /* Melody.m in Sources */,
				8707F9F31B4476BD004B4C20 /* AFHTTPRequestOperationManager.m in Sources */,
				879CCC541B81D2870031FDCC /* Model.xcdatamodeld in Sources */,
				878FAD601BAC6E1D00260D5B /* UserMelodyListViewController.m in Sources */,
				879CCC5D1B81D6460031FDCC /* DataManager.m in Sources */,
				87E6F4741BB6936D009E3EA8 /* IMMessagesViewController.m in Sources */,
				873FCFEA1BB73C9400CE2B44 /* MelodyGroupController.m in Sources */,
				87AF84751BB6B17500FCD3E1 /* VolumeViewController.m in Sources */,
				87175C531B4ADCEA00C042E4 /* ChatsTableViewController.m in Sources */,
				87538B801BB72C6400F7F9D8 /* UserCell.m in Sources */,
				872BB5681B74AD26004CDBE7 /* FriendCell.m in Sources */,
				8707F9F61B4476BD004B4C20 /* AFSecurityPolicy.m in Sources */,
				8707F9B51B446F57004B4C20 /* main.m in Sources */,
				872BB56B1B74B56C004CDBE7 /* ChatCell.m in Sources */,
				8707F9DD1B4475E9004B4C20 /* SignUpViewController.m in Sources */,
				87538B7D1BB72BE500F7F9D8 /* UsersCell.m in Sources */,
				8707F9F41B4476BD004B4C20 /* AFHTTPSessionManager.m in Sources */,
				87D472351B749891008075B8 /* HomeViewController.m in Sources */,
				87EBFB461BB64C7900AA5F70 /* StationCell.m in Sources */,
				87EBFB431BB6154900AA5F70 /* StationViewController.m in Sources */,
				87CFE8C61B82AAA3009A4B6D /* LoopViewController.m in Sources */,
				87098F601B74E88000C3E7C9 /* CreateChatViewController.m in Sources */,
				87CFE8BC1B829426009A4B6D /* MelodyGroup.m in Sources */,
			);
			runOnlyForDeploymentPostprocessing = 0;
		};
		8707F9C71B446F57004B4C20 /* Sources */ = {
			isa = PBXSourcesBuildPhase;
			buildActionMask = 2147483647;
			files = (
				8707F9D21B446F57004B4C20 /* InstaMelodyTests.m in Sources */,
			);
			runOnlyForDeploymentPostprocessing = 0;
		};
/* End PBXSourcesBuildPhase section */

/* Begin PBXTargetDependency section */
		8707F9CD1B446F57004B4C20 /* PBXTargetDependency */ = {
			isa = PBXTargetDependency;
			target = 8707F9AE1B446F57004B4C20 /* InstaMelody */;
			targetProxy = 8707F9CC1B446F57004B4C20 /* PBXContainerItemProxy */;
		};
/* End PBXTargetDependency section */

/* Begin PBXVariantGroup section */
		8707F9BF1B446F57004B4C20 /* Main.storyboard */ = {
			isa = PBXVariantGroup;
			children = (
				8707F9C01B446F57004B4C20 /* Base */,
			);
			name = Main.storyboard;
			sourceTree = "<group>";
		};
		8707F9C41B446F57004B4C20 /* LaunchScreen.xib */ = {
			isa = PBXVariantGroup;
			children = (
				8707F9C51B446F57004B4C20 /* Base */,
			);
			name = LaunchScreen.xib;
			sourceTree = "<group>";
		};
/* End PBXVariantGroup section */

/* Begin XCBuildConfiguration section */
		8707F9D31B446F57004B4C20 /* Debug */ = {
			isa = XCBuildConfiguration;
			buildSettings = {
				ALWAYS_SEARCH_USER_PATHS = NO;
				CLANG_CXX_LANGUAGE_STANDARD = "gnu++0x";
				CLANG_CXX_LIBRARY = "libc++";
				CLANG_ENABLE_MODULES = YES;
				CLANG_ENABLE_OBJC_ARC = YES;
				CLANG_WARN_BOOL_CONVERSION = YES;
				CLANG_WARN_CONSTANT_CONVERSION = YES;
				CLANG_WARN_DIRECT_OBJC_ISA_USAGE = YES_ERROR;
				CLANG_WARN_EMPTY_BODY = YES;
				CLANG_WARN_ENUM_CONVERSION = YES;
				CLANG_WARN_INT_CONVERSION = YES;
				CLANG_WARN_OBJC_ROOT_CLASS = YES_ERROR;
				CLANG_WARN_UNREACHABLE_CODE = YES;
				CLANG_WARN__DUPLICATE_METHOD_MATCH = YES;
				"CODE_SIGN_IDENTITY[sdk=iphoneos*]" = "iPhone Developer";
				COPY_PHASE_STRIP = NO;
				DEBUG_INFORMATION_FORMAT = "dwarf-with-dsym";
				ENABLE_STRICT_OBJC_MSGSEND = YES;
				ENABLE_TESTABILITY = YES;
				GCC_C_LANGUAGE_STANDARD = gnu99;
				GCC_DYNAMIC_NO_PIC = NO;
				GCC_NO_COMMON_BLOCKS = YES;
				GCC_OPTIMIZATION_LEVEL = 0;
				GCC_PREPROCESSOR_DEFINITIONS = (
					"DEBUG=1",
					"$(inherited)",
				);
				GCC_SYMBOLS_PRIVATE_EXTERN = NO;
				GCC_WARN_64_TO_32_BIT_CONVERSION = YES;
				GCC_WARN_ABOUT_RETURN_TYPE = YES_ERROR;
				GCC_WARN_UNDECLARED_SELECTOR = YES;
				GCC_WARN_UNINITIALIZED_AUTOS = YES_AGGRESSIVE;
				GCC_WARN_UNUSED_FUNCTION = YES;
				GCC_WARN_UNUSED_VARIABLE = YES;
				IPHONEOS_DEPLOYMENT_TARGET = 8.3;
				MTL_ENABLE_DEBUG_INFO = YES;
				ONLY_ACTIVE_ARCH = YES;
				SDKROOT = iphoneos;
				TARGETED_DEVICE_FAMILY = "1,2";
			};
			name = Debug;
		};
		8707F9D41B446F57004B4C20 /* Release */ = {
			isa = XCBuildConfiguration;
			buildSettings = {
				ALWAYS_SEARCH_USER_PATHS = NO;
				CLANG_CXX_LANGUAGE_STANDARD = "gnu++0x";
				CLANG_CXX_LIBRARY = "libc++";
				CLANG_ENABLE_MODULES = YES;
				CLANG_ENABLE_OBJC_ARC = YES;
				CLANG_WARN_BOOL_CONVERSION = YES;
				CLANG_WARN_CONSTANT_CONVERSION = YES;
				CLANG_WARN_DIRECT_OBJC_ISA_USAGE = YES_ERROR;
				CLANG_WARN_EMPTY_BODY = YES;
				CLANG_WARN_ENUM_CONVERSION = YES;
				CLANG_WARN_INT_CONVERSION = YES;
				CLANG_WARN_OBJC_ROOT_CLASS = YES_ERROR;
				CLANG_WARN_UNREACHABLE_CODE = YES;
				CLANG_WARN__DUPLICATE_METHOD_MATCH = YES;
				"CODE_SIGN_IDENTITY[sdk=iphoneos*]" = "iPhone Developer";
				COPY_PHASE_STRIP = NO;
				DEBUG_INFORMATION_FORMAT = "dwarf-with-dsym";
				ENABLE_NS_ASSERTIONS = NO;
				ENABLE_STRICT_OBJC_MSGSEND = YES;
				GCC_C_LANGUAGE_STANDARD = gnu99;
				GCC_NO_COMMON_BLOCKS = YES;
				GCC_WARN_64_TO_32_BIT_CONVERSION = YES;
				GCC_WARN_ABOUT_RETURN_TYPE = YES_ERROR;
				GCC_WARN_UNDECLARED_SELECTOR = YES;
				GCC_WARN_UNINITIALIZED_AUTOS = YES_AGGRESSIVE;
				GCC_WARN_UNUSED_FUNCTION = YES;
				GCC_WARN_UNUSED_VARIABLE = YES;
				IPHONEOS_DEPLOYMENT_TARGET = 8.3;
				MTL_ENABLE_DEBUG_INFO = NO;
				SDKROOT = iphoneos;
				TARGETED_DEVICE_FAMILY = "1,2";
				VALIDATE_PRODUCT = YES;
			};
			name = Release;
		};
		8707F9D61B446F57004B4C20 /* Debug */ = {
			isa = XCBuildConfiguration;
			baseConfigurationReference = 7E4C9DC22F5EAEA430AB4E1D /* Pods-InstaMelody.debug.xcconfig */;
			buildSettings = {
				ASSETCATALOG_COMPILER_APPICON_NAME = AppIcon;
				CODE_SIGN_IDENTITY = "iPhone Developer";
				"CODE_SIGN_IDENTITY[sdk=iphoneos*]" = "iPhone Developer";
				INFOPLIST_FILE = InstaMelody/Info.plist;
				IPHONEOS_DEPLOYMENT_TARGET = 8.2;
				LD_RUNPATH_SEARCH_PATHS = "$(inherited) @executable_path/Frameworks";
				PRODUCT_BUNDLE_IDENTIFIER = com.InstaMelody.recorder;
				PRODUCT_NAME = "$(TARGET_NAME)";
				PROVISIONING_PROFILE = "";
				TARGETED_DEVICE_FAMILY = 1;
			};
			name = Debug;
		};
		8707F9D71B446F57004B4C20 /* Release */ = {
			isa = XCBuildConfiguration;
			baseConfigurationReference = 85A8BE665FB43D9DB14E6A1E /* Pods-InstaMelody.release.xcconfig */;
			buildSettings = {
				ASSETCATALOG_COMPILER_APPICON_NAME = AppIcon;
				CODE_SIGN_IDENTITY = "iPhone Developer";
				"CODE_SIGN_IDENTITY[sdk=iphoneos*]" = "iPhone Developer";
				INFOPLIST_FILE = InstaMelody/Info.plist;
				IPHONEOS_DEPLOYMENT_TARGET = 8.2;
				LD_RUNPATH_SEARCH_PATHS = "$(inherited) @executable_path/Frameworks";
				PRODUCT_BUNDLE_IDENTIFIER = com.InstaMelody.recorder;
				PRODUCT_NAME = "$(TARGET_NAME)";
				PROVISIONING_PROFILE = "";
				TARGETED_DEVICE_FAMILY = 1;
			};
			name = Release;
		};
		8707F9D91B446F57004B4C20 /* Debug */ = {
			isa = XCBuildConfiguration;
			buildSettings = {
				BUNDLE_LOADER = "$(TEST_HOST)";
				FRAMEWORK_SEARCH_PATHS = (
					"$(SDKROOT)/Developer/Library/Frameworks",
					"$(inherited)",
				);
				GCC_PREPROCESSOR_DEFINITIONS = (
					"DEBUG=1",
					"$(inherited)",
				);
				INFOPLIST_FILE = InstaMelodyTests/Info.plist;
				LD_RUNPATH_SEARCH_PATHS = "$(inherited) @executable_path/Frameworks @loader_path/Frameworks";
				PRODUCT_BUNDLE_IDENTIFIER = "com.instamelody.instamelody.$(PRODUCT_NAME:rfc1034identifier)";
				PRODUCT_NAME = "$(TARGET_NAME)";
				TEST_HOST = "$(BUILT_PRODUCTS_DIR)/InstaMelody.app/InstaMelody";
			};
			name = Debug;
		};
		8707F9DA1B446F57004B4C20 /* Release */ = {
			isa = XCBuildConfiguration;
			buildSettings = {
				BUNDLE_LOADER = "$(TEST_HOST)";
				FRAMEWORK_SEARCH_PATHS = (
					"$(SDKROOT)/Developer/Library/Frameworks",
					"$(inherited)",
				);
				INFOPLIST_FILE = InstaMelodyTests/Info.plist;
				LD_RUNPATH_SEARCH_PATHS = "$(inherited) @executable_path/Frameworks @loader_path/Frameworks";
				PRODUCT_BUNDLE_IDENTIFIER = "com.instamelody.instamelody.$(PRODUCT_NAME:rfc1034identifier)";
				PRODUCT_NAME = "$(TARGET_NAME)";
				TEST_HOST = "$(BUILT_PRODUCTS_DIR)/InstaMelody.app/InstaMelody";
			};
			name = Release;
		};
/* End XCBuildConfiguration section */

/* Begin XCConfigurationList section */
		8707F9AA1B446F57004B4C20 /* Build configuration list for PBXProject "InstaMelody" */ = {
			isa = XCConfigurationList;
			buildConfigurations = (
				8707F9D31B446F57004B4C20 /* Debug */,
				8707F9D41B446F57004B4C20 /* Release */,
			);
			defaultConfigurationIsVisible = 0;
			defaultConfigurationName = Release;
		};
		8707F9D51B446F57004B4C20 /* Build configuration list for PBXNativeTarget "InstaMelody" */ = {
			isa = XCConfigurationList;
			buildConfigurations = (
				8707F9D61B446F57004B4C20 /* Debug */,
				8707F9D71B446F57004B4C20 /* Release */,
			);
			defaultConfigurationIsVisible = 0;
			defaultConfigurationName = Release;
		};
		8707F9D81B446F57004B4C20 /* Build configuration list for PBXNativeTarget "InstaMelodyTests" */ = {
			isa = XCConfigurationList;
			buildConfigurations = (
				8707F9D91B446F57004B4C20 /* Debug */,
				8707F9DA1B446F57004B4C20 /* Release */,
			);
			defaultConfigurationIsVisible = 0;
			defaultConfigurationName = Release;
		};
/* End XCConfigurationList section */

/* Begin XCVersionGroup section */
		879CCC521B81D2870031FDCC /* Model.xcdatamodeld */ = {
			isa = XCVersionGroup;
			children = (
				879CCC531B81D2870031FDCC /* Model.xcdatamodel */,
			);
			currentVersion = 879CCC531B81D2870031FDCC /* Model.xcdatamodel */;
			name = Model.xcdatamodeld;
			path = InstaMelody/Model.xcdatamodeld;
			sourceTree = SOURCE_ROOT;
			versionGroupType = wrapper.xcdatamodel;
		};
/* End XCVersionGroup section */
	};
	rootObject = 8707F9A71B446F57004B4C20 /* Project object */;
}
