// !$*UTF8*$!
{
	archiveVersion = 1;
	classes = {
	};
	objectVersion = 46;
	objects = {

/* Begin PBXBuildFile section */
		0A10B9D513BF2A431F2FEB6C /* Pods_InstaMelody.framework in Frameworks */ = {isa = PBXBuildFile; fileRef = 6C4BFAFF7F0F445B4DF19637 /* Pods_InstaMelody.framework */; settings = {ATTRIBUTES = (Weak, ); }; };
		8707F9B51B446F57004B4C20 /* main.m in Sources */ = {isa = PBXBuildFile; fileRef = 8707F9B41B446F57004B4C20 /* main.m */; };
		8707F9B81B446F57004B4C20 /* AppDelegate.m in Sources */ = {isa = PBXBuildFile; fileRef = 8707F9B71B446F57004B4C20 /* AppDelegate.m */; };
		8707F9BB1B446F57004B4C20 /* FirstViewController.m in Sources */ = {isa = PBXBuildFile; fileRef = 8707F9BA1B446F57004B4C20 /* FirstViewController.m */; };
		8707F9C11B446F57004B4C20 /* Main.storyboard in Resources */ = {isa = PBXBuildFile; fileRef = 8707F9BF1B446F57004B4C20 /* Main.storyboard */; };
		8707F9C31B446F57004B4C20 /* Images.xcassets in Resources */ = {isa = PBXBuildFile; fileRef = 8707F9C21B446F57004B4C20 /* Images.xcassets */; };
		8707F9C61B446F57004B4C20 /* LaunchScreen.xib in Resources */ = {isa = PBXBuildFile; fileRef = 8707F9C41B446F57004B4C20 /* LaunchScreen.xib */; };
		8707F9D21B446F57004B4C20 /* InstaMelodyTests.m in Sources */ = {isa = PBXBuildFile; fileRef = 8707F9D11B446F57004B4C20 /* InstaMelodyTests.m */; };
		8707F9DD1B4475E9004B4C20 /* SignUpViewController.m in Sources */ = {isa = PBXBuildFile; fileRef = 8707F9DC1B4475E9004B4C20 /* SignUpViewController.m */; };
		8707F9F21B4476BD004B4C20 /* AFHTTPRequestOperation.m in Sources */ = {isa = PBXBuildFile; fileRef = 8707F9E01B4476BC004B4C20 /* AFHTTPRequestOperation.m */; };
		8707F9F31B4476BD004B4C20 /* AFHTTPRequestOperationManager.m in Sources */ = {isa = PBXBuildFile; fileRef = 8707F9E21B4476BC004B4C20 /* AFHTTPRequestOperationManager.m */; };
		8707F9F41B4476BD004B4C20 /* AFHTTPSessionManager.m in Sources */ = {isa = PBXBuildFile; fileRef = 8707F9E41B4476BC004B4C20 /* AFHTTPSessionManager.m */; };
		8707F9F51B4476BD004B4C20 /* AFNetworkReachabilityManager.m in Sources */ = {isa = PBXBuildFile; fileRef = 8707F9E71B4476BC004B4C20 /* AFNetworkReachabilityManager.m */; };
		8707F9F61B4476BD004B4C20 /* AFSecurityPolicy.m in Sources */ = {isa = PBXBuildFile; fileRef = 8707F9E91B4476BC004B4C20 /* AFSecurityPolicy.m */; };
		8707F9F71B4476BD004B4C20 /* AFURLConnectionOperation.m in Sources */ = {isa = PBXBuildFile; fileRef = 8707F9EB1B4476BD004B4C20 /* AFURLConnectionOperation.m */; };
		8707F9F81B4476BD004B4C20 /* AFURLRequestSerialization.m in Sources */ = {isa = PBXBuildFile; fileRef = 8707F9ED1B4476BD004B4C20 /* AFURLRequestSerialization.m */; };
		8707F9F91B4476BD004B4C20 /* AFURLResponseSerialization.m in Sources */ = {isa = PBXBuildFile; fileRef = 8707F9EF1B4476BD004B4C20 /* AFURLResponseSerialization.m */; };
		8707F9FA1B4476BD004B4C20 /* AFURLSessionManager.m in Sources */ = {isa = PBXBuildFile; fileRef = 8707F9F11B4476BD004B4C20 /* AFURLSessionManager.m */; };
		87098F601B74E88000C3E7C9 /* CreateChatViewController.m in Sources */ = {isa = PBXBuildFile; fileRef = 87098F5F1B74E88000C3E7C9 /* CreateChatViewController.m */; };
		87175C531B4ADCEA00C042E4 /* ChatsTableViewController.m in Sources */ = {isa = PBXBuildFile; fileRef = 87175C521B4ADCEA00C042E4 /* ChatsTableViewController.m */; };
		87175C581B4ADF9E00C042E4 /* DemoMessagesViewController.m in Sources */ = {isa = PBXBuildFile; fileRef = 87175C551B4ADF9E00C042E4 /* DemoMessagesViewController.m */; };
		87175C591B4ADF9E00C042E4 /* DemoModelData.m in Sources */ = {isa = PBXBuildFile; fileRef = 87175C571B4ADF9E00C042E4 /* DemoModelData.m */; };
		87175C681B4AE03700C042E4 /* JSQSystemSoundPlayer.m in Sources */ = {isa = PBXBuildFile; fileRef = 87175C671B4AE03700C042E4 /* JSQSystemSoundPlayer.m */; };
		87175C6B1B4AE08E00C042E4 /* NSUserDefaults+DemoSettings.m in Sources */ = {isa = PBXBuildFile; fileRef = 87175C6A1B4AE08E00C042E4 /* NSUserDefaults+DemoSettings.m */; };
		872113441B7E942000F787F1 /* FontAwesome.ttf in Resources */ = {isa = PBXBuildFile; fileRef = 872113431B7E942000F787F1 /* FontAwesome.ttf */; };
		872BB5681B74AD26004CDBE7 /* FriendCell.m in Sources */ = {isa = PBXBuildFile; fileRef = 872BB5671B74AD26004CDBE7 /* FriendCell.m */; };
		872BB56B1B74B56C004CDBE7 /* ChatCell.m in Sources */ = {isa = PBXBuildFile; fileRef = 872BB56A1B74B56C004CDBE7 /* ChatCell.m */; };
		872BB56E1B74BC36004CDBE7 /* ChatViewController.m in Sources */ = {isa = PBXBuildFile; fileRef = 872BB56D1B74BC36004CDBE7 /* ChatViewController.m */; };
		872BB5A01B74CAD1004CDBE7 /* AwesomeMenu.m in Sources */ = {isa = PBXBuildFile; fileRef = 872BB59D1B74CAD1004CDBE7 /* AwesomeMenu.m */; };
		872BB5A11B74CAD1004CDBE7 /* AwesomeMenuItem.m in Sources */ = {isa = PBXBuildFile; fileRef = 872BB59F1B74CAD1004CDBE7 /* AwesomeMenuItem.m */; };
		874C881F1B4ADB3B0069A041 /* JSQMessagesAssets.bundle in Resources */ = {isa = PBXBuildFile; fileRef = 874C87C31B4ADB3B0069A041 /* JSQMessagesAssets.bundle */; };
		874C88201B4ADB3B0069A041 /* JSQSystemSoundPlayer+JSQMessages.m in Sources */ = {isa = PBXBuildFile; fileRef = 874C87C61B4ADB3B0069A041 /* JSQSystemSoundPlayer+JSQMessages.m */; };
		874C88211B4ADB3B0069A041 /* NSBundle+JSQMessages.m in Sources */ = {isa = PBXBuildFile; fileRef = 874C87C81B4ADB3B0069A041 /* NSBundle+JSQMessages.m */; };
		874C88221B4ADB3B0069A041 /* NSString+JSQMessages.m in Sources */ = {isa = PBXBuildFile; fileRef = 874C87CA1B4ADB3B0069A041 /* NSString+JSQMessages.m */; };
		874C88231B4ADB3B0069A041 /* UIColor+JSQMessages.m in Sources */ = {isa = PBXBuildFile; fileRef = 874C87CC1B4ADB3B0069A041 /* UIColor+JSQMessages.m */; };
		874C88241B4ADB3B0069A041 /* UIDevice+JSQMessages.m in Sources */ = {isa = PBXBuildFile; fileRef = 874C87CE1B4ADB3B0069A041 /* UIDevice+JSQMessages.m */; };
		874C88251B4ADB3B0069A041 /* UIImage+JSQMessages.m in Sources */ = {isa = PBXBuildFile; fileRef = 874C87D01B4ADB3B0069A041 /* UIImage+JSQMessages.m */; };
		874C88261B4ADB3B0069A041 /* UIView+JSQMessages.m in Sources */ = {isa = PBXBuildFile; fileRef = 874C87D21B4ADB3B0069A041 /* UIView+JSQMessages.m */; };
		874C88271B4ADB3B0069A041 /* JSQMessagesKeyboardController.m in Sources */ = {isa = PBXBuildFile; fileRef = 874C87D51B4ADB3B0069A041 /* JSQMessagesKeyboardController.m */; };
		874C88281B4ADB3B0069A041 /* JSQMessagesViewController.m in Sources */ = {isa = PBXBuildFile; fileRef = 874C87D71B4ADB3B0069A041 /* JSQMessagesViewController.m */; };
		874C88291B4ADB3B0069A041 /* JSQMessagesViewController.xib in Resources */ = {isa = PBXBuildFile; fileRef = 874C87D81B4ADB3B0069A041 /* JSQMessagesViewController.xib */; };
		874C882A1B4ADB3B0069A041 /* JSQMessagesAvatarImageFactory.m in Sources */ = {isa = PBXBuildFile; fileRef = 874C87DB1B4ADB3B0069A041 /* JSQMessagesAvatarImageFactory.m */; };
		874C882B1B4ADB3B0069A041 /* JSQMessagesBubbleImageFactory.m in Sources */ = {isa = PBXBuildFile; fileRef = 874C87DD1B4ADB3B0069A041 /* JSQMessagesBubbleImageFactory.m */; };
		874C882C1B4ADB3B0069A041 /* JSQMessagesMediaViewBubbleImageMasker.m in Sources */ = {isa = PBXBuildFile; fileRef = 874C87DF1B4ADB3B0069A041 /* JSQMessagesMediaViewBubbleImageMasker.m */; };
		874C882D1B4ADB3B0069A041 /* JSQMessagesTimestampFormatter.m in Sources */ = {isa = PBXBuildFile; fileRef = 874C87E11B4ADB3B0069A041 /* JSQMessagesTimestampFormatter.m */; };
		874C882E1B4ADB3B0069A041 /* JSQMessagesToolbarButtonFactory.m in Sources */ = {isa = PBXBuildFile; fileRef = 874C87E31B4ADB3B0069A041 /* JSQMessagesToolbarButtonFactory.m */; };
		874C882F1B4ADB3B0069A041 /* JSQMessagesCollectionViewFlowLayout.m in Sources */ = {isa = PBXBuildFile; fileRef = 874C87E71B4ADB3B0069A041 /* JSQMessagesCollectionViewFlowLayout.m */; };
		874C88301B4ADB3B0069A041 /* JSQMessagesCollectionViewFlowLayoutInvalidationContext.m in Sources */ = {isa = PBXBuildFile; fileRef = 874C87E91B4ADB3B0069A041 /* JSQMessagesCollectionViewFlowLayoutInvalidationContext.m */; };
		874C88311B4ADB3B0069A041 /* JSQMessagesCollectionViewLayoutAttributes.m in Sources */ = {isa = PBXBuildFile; fileRef = 874C87EB1B4ADB3B0069A041 /* JSQMessagesCollectionViewLayoutAttributes.m */; };
		874C88321B4ADB3B0069A041 /* JSQLocationMediaItem.m in Sources */ = {isa = PBXBuildFile; fileRef = 874C87EE1B4ADB3B0069A041 /* JSQLocationMediaItem.m */; };
		874C88331B4ADB3B0069A041 /* JSQMediaItem.m in Sources */ = {isa = PBXBuildFile; fileRef = 874C87F01B4ADB3B0069A041 /* JSQMediaItem.m */; };
		874C88341B4ADB3B0069A041 /* JSQMessage.m in Sources */ = {isa = PBXBuildFile; fileRef = 874C87F21B4ADB3B0069A041 /* JSQMessage.m */; };
		874C88351B4ADB3B0069A041 /* JSQMessagesAvatarImage.m in Sources */ = {isa = PBXBuildFile; fileRef = 874C87F81B4ADB3B0069A041 /* JSQMessagesAvatarImage.m */; };
		874C88361B4ADB3B0069A041 /* JSQMessagesBubbleImage.m in Sources */ = {isa = PBXBuildFile; fileRef = 874C87FA1B4ADB3B0069A041 /* JSQMessagesBubbleImage.m */; };
		874C88371B4ADB3B0069A041 /* JSQPhotoMediaItem.m in Sources */ = {isa = PBXBuildFile; fileRef = 874C87FE1B4ADB3B0069A041 /* JSQPhotoMediaItem.m */; };
		874C88381B4ADB3B0069A041 /* JSQVideoMediaItem.m in Sources */ = {isa = PBXBuildFile; fileRef = 874C88001B4ADB3B0069A041 /* JSQVideoMediaItem.m */; };
		874C88391B4ADB3B0069A041 /* JSQMessagesCellTextView.m in Sources */ = {isa = PBXBuildFile; fileRef = 874C88031B4ADB3B0069A041 /* JSQMessagesCellTextView.m */; };
		874C883A1B4ADB3B0069A041 /* JSQMessagesCollectionView.m in Sources */ = {isa = PBXBuildFile; fileRef = 874C88051B4ADB3B0069A041 /* JSQMessagesCollectionView.m */; };
		874C883B1B4ADB3B0069A041 /* JSQMessagesCollectionViewCell.m in Sources */ = {isa = PBXBuildFile; fileRef = 874C88071B4ADB3B0069A041 /* JSQMessagesCollectionViewCell.m */; };
		874C883C1B4ADB3B0069A041 /* JSQMessagesCollectionViewCellIncoming.m in Sources */ = {isa = PBXBuildFile; fileRef = 874C88091B4ADB3B0069A041 /* JSQMessagesCollectionViewCellIncoming.m */; };
		874C883D1B4ADB3B0069A041 /* JSQMessagesCollectionViewCellIncoming.xib in Resources */ = {isa = PBXBuildFile; fileRef = 874C880A1B4ADB3B0069A041 /* JSQMessagesCollectionViewCellIncoming.xib */; };
		874C883E1B4ADB3B0069A041 /* JSQMessagesCollectionViewCellOutgoing.m in Sources */ = {isa = PBXBuildFile; fileRef = 874C880C1B4ADB3B0069A041 /* JSQMessagesCollectionViewCellOutgoing.m */; };
		874C883F1B4ADB3B0069A041 /* JSQMessagesCollectionViewCellOutgoing.xib in Resources */ = {isa = PBXBuildFile; fileRef = 874C880D1B4ADB3B0069A041 /* JSQMessagesCollectionViewCellOutgoing.xib */; };
		874C88401B4ADB3B0069A041 /* JSQMessagesComposerTextView.m in Sources */ = {isa = PBXBuildFile; fileRef = 874C880F1B4ADB3B0069A041 /* JSQMessagesComposerTextView.m */; };
		874C88411B4ADB3B0069A041 /* JSQMessagesInputToolbar.m in Sources */ = {isa = PBXBuildFile; fileRef = 874C88111B4ADB3B0069A041 /* JSQMessagesInputToolbar.m */; };
		874C88421B4ADB3B0069A041 /* JSQMessagesLabel.m in Sources */ = {isa = PBXBuildFile; fileRef = 874C88131B4ADB3B0069A041 /* JSQMessagesLabel.m */; };
		874C88431B4ADB3B0069A041 /* JSQMessagesLoadEarlierHeaderView.m in Sources */ = {isa = PBXBuildFile; fileRef = 874C88151B4ADB3B0069A041 /* JSQMessagesLoadEarlierHeaderView.m */; };
		874C88441B4ADB3B0069A041 /* JSQMessagesLoadEarlierHeaderView.xib in Resources */ = {isa = PBXBuildFile; fileRef = 874C88161B4ADB3B0069A041 /* JSQMessagesLoadEarlierHeaderView.xib */; };
		874C88451B4ADB3B0069A041 /* JSQMessagesMediaPlaceholderView.m in Sources */ = {isa = PBXBuildFile; fileRef = 874C88181B4ADB3B0069A041 /* JSQMessagesMediaPlaceholderView.m */; };
		874C88461B4ADB3B0069A041 /* JSQMessagesToolbarContentView.m in Sources */ = {isa = PBXBuildFile; fileRef = 874C881A1B4ADB3B0069A041 /* JSQMessagesToolbarContentView.m */; };
		874C88471B4ADB3B0069A041 /* JSQMessagesToolbarContentView.xib in Resources */ = {isa = PBXBuildFile; fileRef = 874C881B1B4ADB3B0069A041 /* JSQMessagesToolbarContentView.xib */; };
		874C88481B4ADB3B0069A041 /* JSQMessagesTypingIndicatorFooterView.m in Sources */ = {isa = PBXBuildFile; fileRef = 874C881D1B4ADB3B0069A041 /* JSQMessagesTypingIndicatorFooterView.m */; };
		874C88491B4ADB3B0069A041 /* JSQMessagesTypingIndicatorFooterView.xib in Resources */ = {isa = PBXBuildFile; fileRef = 874C881E1B4ADB3B0069A041 /* JSQMessagesTypingIndicatorFooterView.xib */; };
		879CCC541B81D2870031FDCC /* Model.xcdatamodeld in Sources */ = {isa = PBXBuildFile; fileRef = 879CCC521B81D2870031FDCC /* Model.xcdatamodeld */; };
		879CCC5A1B81D4860031FDCC /* Friend.m in Sources */ = {isa = PBXBuildFile; fileRef = 879CCC591B81D4860031FDCC /* Friend.m */; };
		879CCC5D1B81D6460031FDCC /* DataManager.m in Sources */ = {isa = PBXBuildFile; fileRef = 879CCC5C1B81D6460031FDCC /* DataManager.m */; };
		87D472351B749891008075B8 /* HomeViewController.m in Sources */ = {isa = PBXBuildFile; fileRef = 87D472341B749891008075B8 /* HomeViewController.m */; };
		87D472381B74A719008075B8 /* FriendsTableViewController.m in Sources */ = {isa = PBXBuildFile; fileRef = 87D472371B74A719008075B8 /* FriendsTableViewController.m */; };
		87DA195F1B72872A00941DCE /* SignInViewController.m in Sources */ = {isa = PBXBuildFile; fileRef = 87DA195E1B72872A00941DCE /* SignInViewController.m */; };
/* End PBXBuildFile section */

/* Begin PBXContainerItemProxy section */
		8707F9CC1B446F57004B4C20 /* PBXContainerItemProxy */ = {
			isa = PBXContainerItemProxy;
			containerPortal = 8707F9A71B446F57004B4C20 /* Project object */;
			proxyType = 1;
			remoteGlobalIDString = 8707F9AE1B446F57004B4C20;
			remoteInfo = InstaMelody;
		};
/* End PBXContainerItemProxy section */

/* Begin PBXFileReference section */
		6C4BFAFF7F0F445B4DF19637 /* Pods_InstaMelody.framework */ = {isa = PBXFileReference; explicitFileType = wrapper.framework; includeInIndex = 0; path = Pods_InstaMelody.framework; sourceTree = BUILT_PRODUCTS_DIR; };
		7E4C9DC22F5EAEA430AB4E1D /* Pods-InstaMelody.debug.xcconfig */ = {isa = PBXFileReference; includeInIndex = 1; lastKnownFileType = text.xcconfig; name = "Pods-InstaMelody.debug.xcconfig"; path = "Pods/Target Support Files/Pods-InstaMelody/Pods-InstaMelody.debug.xcconfig"; sourceTree = "<group>"; };
		85A8BE665FB43D9DB14E6A1E /* Pods-InstaMelody.release.xcconfig */ = {isa = PBXFileReference; includeInIndex = 1; lastKnownFileType = text.xcconfig; name = "Pods-InstaMelody.release.xcconfig"; path = "Pods/Target Support Files/Pods-InstaMelody/Pods-InstaMelody.release.xcconfig"; sourceTree = "<group>"; };
		8707F9AF1B446F57004B4C20 /* InstaMelody.app */ = {isa = PBXFileReference; explicitFileType = wrapper.application; includeInIndex = 0; path = InstaMelody.app; sourceTree = BUILT_PRODUCTS_DIR; };
		8707F9B31B446F57004B4C20 /* Info.plist */ = {isa = PBXFileReference; lastKnownFileType = text.plist.xml; path = Info.plist; sourceTree = "<group>"; };
		8707F9B41B446F57004B4C20 /* main.m */ = {isa = PBXFileReference; lastKnownFileType = sourcecode.c.objc; path = main.m; sourceTree = "<group>"; };
		8707F9B61B446F57004B4C20 /* AppDelegate.h */ = {isa = PBXFileReference; lastKnownFileType = sourcecode.c.h; path = AppDelegate.h; sourceTree = "<group>"; };
		8707F9B71B446F57004B4C20 /* AppDelegate.m */ = {isa = PBXFileReference; lastKnownFileType = sourcecode.c.objc; path = AppDelegate.m; sourceTree = "<group>"; };
		8707F9B91B446F57004B4C20 /* FirstViewController.h */ = {isa = PBXFileReference; lastKnownFileType = sourcecode.c.h; path = FirstViewController.h; sourceTree = "<group>"; };
		8707F9BA1B446F57004B4C20 /* FirstViewController.m */ = {isa = PBXFileReference; lastKnownFileType = sourcecode.c.objc; path = FirstViewController.m; sourceTree = "<group>"; };
		8707F9C01B446F57004B4C20 /* Base */ = {isa = PBXFileReference; lastKnownFileType = file.storyboard; name = Base; path = Base.lproj/Main.storyboard; sourceTree = "<group>"; };
		8707F9C21B446F57004B4C20 /* Images.xcassets */ = {isa = PBXFileReference; lastKnownFileType = folder.assetcatalog; path = Images.xcassets; sourceTree = "<group>"; };
		8707F9C51B446F57004B4C20 /* Base */ = {isa = PBXFileReference; lastKnownFileType = file.xib; name = Base; path = Base.lproj/LaunchScreen.xib; sourceTree = "<group>"; };
		8707F9CB1B446F57004B4C20 /* InstaMelodyTests.xctest */ = {isa = PBXFileReference; explicitFileType = wrapper.cfbundle; includeInIndex = 0; path = InstaMelodyTests.xctest; sourceTree = BUILT_PRODUCTS_DIR; };
		8707F9D01B446F57004B4C20 /* Info.plist */ = {isa = PBXFileReference; lastKnownFileType = text.plist.xml; path = Info.plist; sourceTree = "<group>"; };
		8707F9D11B446F57004B4C20 /* InstaMelodyTests.m */ = {isa = PBXFileReference; lastKnownFileType = sourcecode.c.objc; path = InstaMelodyTests.m; sourceTree = "<group>"; };
		8707F9DB1B4475E9004B4C20 /* SignUpViewController.h */ = {isa = PBXFileReference; fileEncoding = 4; lastKnownFileType = sourcecode.c.h; path = SignUpViewController.h; sourceTree = SOURCE_ROOT; };
		8707F9DC1B4475E9004B4C20 /* SignUpViewController.m */ = {isa = PBXFileReference; fileEncoding = 4; lastKnownFileType = sourcecode.c.objc; path = SignUpViewController.m; sourceTree = SOURCE_ROOT; };
		8707F9DF1B4476BC004B4C20 /* AFHTTPRequestOperation.h */ = {isa = PBXFileReference; fileEncoding = 4; lastKnownFileType = sourcecode.c.h; path = AFHTTPRequestOperation.h; sourceTree = "<group>"; };
		8707F9E01B4476BC004B4C20 /* AFHTTPRequestOperation.m */ = {isa = PBXFileReference; fileEncoding = 4; lastKnownFileType = sourcecode.c.objc; path = AFHTTPRequestOperation.m; sourceTree = "<group>"; };
		8707F9E11B4476BC004B4C20 /* AFHTTPRequestOperationManager.h */ = {isa = PBXFileReference; fileEncoding = 4; lastKnownFileType = sourcecode.c.h; path = AFHTTPRequestOperationManager.h; sourceTree = "<group>"; };
		8707F9E21B4476BC004B4C20 /* AFHTTPRequestOperationManager.m */ = {isa = PBXFileReference; fileEncoding = 4; lastKnownFileType = sourcecode.c.objc; path = AFHTTPRequestOperationManager.m; sourceTree = "<group>"; };
		8707F9E31B4476BC004B4C20 /* AFHTTPSessionManager.h */ = {isa = PBXFileReference; fileEncoding = 4; lastKnownFileType = sourcecode.c.h; path = AFHTTPSessionManager.h; sourceTree = "<group>"; };
		8707F9E41B4476BC004B4C20 /* AFHTTPSessionManager.m */ = {isa = PBXFileReference; fileEncoding = 4; lastKnownFileType = sourcecode.c.objc; path = AFHTTPSessionManager.m; sourceTree = "<group>"; };
		8707F9E51B4476BC004B4C20 /* AFNetworking.h */ = {isa = PBXFileReference; fileEncoding = 4; lastKnownFileType = sourcecode.c.h; path = AFNetworking.h; sourceTree = "<group>"; };
		8707F9E61B4476BC004B4C20 /* AFNetworkReachabilityManager.h */ = {isa = PBXFileReference; fileEncoding = 4; lastKnownFileType = sourcecode.c.h; path = AFNetworkReachabilityManager.h; sourceTree = "<group>"; };
		8707F9E71B4476BC004B4C20 /* AFNetworkReachabilityManager.m */ = {isa = PBXFileReference; fileEncoding = 4; lastKnownFileType = sourcecode.c.objc; path = AFNetworkReachabilityManager.m; sourceTree = "<group>"; };
		8707F9E81B4476BC004B4C20 /* AFSecurityPolicy.h */ = {isa = PBXFileReference; fileEncoding = 4; lastKnownFileType = sourcecode.c.h; path = AFSecurityPolicy.h; sourceTree = "<group>"; };
		8707F9E91B4476BC004B4C20 /* AFSecurityPolicy.m */ = {isa = PBXFileReference; fileEncoding = 4; lastKnownFileType = sourcecode.c.objc; path = AFSecurityPolicy.m; sourceTree = "<group>"; };
		8707F9EA1B4476BD004B4C20 /* AFURLConnectionOperation.h */ = {isa = PBXFileReference; fileEncoding = 4; lastKnownFileType = sourcecode.c.h; path = AFURLConnectionOperation.h; sourceTree = "<group>"; };
		8707F9EB1B4476BD004B4C20 /* AFURLConnectionOperation.m */ = {isa = PBXFileReference; fileEncoding = 4; lastKnownFileType = sourcecode.c.objc; path = AFURLConnectionOperation.m; sourceTree = "<group>"; };
		8707F9EC1B4476BD004B4C20 /* AFURLRequestSerialization.h */ = {isa = PBXFileReference; fileEncoding = 4; lastKnownFileType = sourcecode.c.h; path = AFURLRequestSerialization.h; sourceTree = "<group>"; };
		8707F9ED1B4476BD004B4C20 /* AFURLRequestSerialization.m */ = {isa = PBXFileReference; fileEncoding = 4; lastKnownFileType = sourcecode.c.objc; path = AFURLRequestSerialization.m; sourceTree = "<group>"; };
		8707F9EE1B4476BD004B4C20 /* AFURLResponseSerialization.h */ = {isa = PBXFileReference; fileEncoding = 4; lastKnownFileType = sourcecode.c.h; path = AFURLResponseSerialization.h; sourceTree = "<group>"; };
		8707F9EF1B4476BD004B4C20 /* AFURLResponseSerialization.m */ = {isa = PBXFileReference; fileEncoding = 4; lastKnownFileType = sourcecode.c.objc; path = AFURLResponseSerialization.m; sourceTree = "<group>"; };
		8707F9F01B4476BD004B4C20 /* AFURLSessionManager.h */ = {isa = PBXFileReference; fileEncoding = 4; lastKnownFileType = sourcecode.c.h; path = AFURLSessionManager.h; sourceTree = "<group>"; };
		8707F9F11B4476BD004B4C20 /* AFURLSessionManager.m */ = {isa = PBXFileReference; fileEncoding = 4; lastKnownFileType = sourcecode.c.objc; path = AFURLSessionManager.m; sourceTree = "<group>"; };
		87098F5E1B74E88000C3E7C9 /* CreateChatViewController.h */ = {isa = PBXFileReference; fileEncoding = 4; lastKnownFileType = sourcecode.c.h; path = CreateChatViewController.h; sourceTree = SOURCE_ROOT; };
		87098F5F1B74E88000C3E7C9 /* CreateChatViewController.m */ = {isa = PBXFileReference; fileEncoding = 4; lastKnownFileType = sourcecode.c.objc; path = CreateChatViewController.m; sourceTree = SOURCE_ROOT; };
		87175C511B4ADCEA00C042E4 /* ChatsTableViewController.h */ = {isa = PBXFileReference; fileEncoding = 4; lastKnownFileType = sourcecode.c.h; path = ChatsTableViewController.h; sourceTree = "<group>"; };
		87175C521B4ADCEA00C042E4 /* ChatsTableViewController.m */ = {isa = PBXFileReference; fileEncoding = 4; lastKnownFileType = sourcecode.c.objc; path = ChatsTableViewController.m; sourceTree = "<group>"; };
		87175C541B4ADF9E00C042E4 /* DemoMessagesViewController.h */ = {isa = PBXFileReference; fileEncoding = 4; lastKnownFileType = sourcecode.c.h; path = DemoMessagesViewController.h; sourceTree = SOURCE_ROOT; };
		87175C551B4ADF9E00C042E4 /* DemoMessagesViewController.m */ = {isa = PBXFileReference; fileEncoding = 4; lastKnownFileType = sourcecode.c.objc; path = DemoMessagesViewController.m; sourceTree = SOURCE_ROOT; };
		87175C561B4ADF9E00C042E4 /* DemoModelData.h */ = {isa = PBXFileReference; fileEncoding = 4; lastKnownFileType = sourcecode.c.h; path = DemoModelData.h; sourceTree = SOURCE_ROOT; };
		87175C571B4ADF9E00C042E4 /* DemoModelData.m */ = {isa = PBXFileReference; fileEncoding = 4; lastKnownFileType = sourcecode.c.objc; path = DemoModelData.m; sourceTree = SOURCE_ROOT; };
		87175C661B4AE03700C042E4 /* JSQSystemSoundPlayer.h */ = {isa = PBXFileReference; fileEncoding = 4; lastKnownFileType = sourcecode.c.h; path = JSQSystemSoundPlayer.h; sourceTree = "<group>"; };
		87175C671B4AE03700C042E4 /* JSQSystemSoundPlayer.m */ = {isa = PBXFileReference; fileEncoding = 4; lastKnownFileType = sourcecode.c.objc; path = JSQSystemSoundPlayer.m; sourceTree = "<group>"; };
		87175C691B4AE08E00C042E4 /* NSUserDefaults+DemoSettings.h */ = {isa = PBXFileReference; fileEncoding = 4; lastKnownFileType = sourcecode.c.h; path = "NSUserDefaults+DemoSettings.h"; sourceTree = SOURCE_ROOT; };
		87175C6A1B4AE08E00C042E4 /* NSUserDefaults+DemoSettings.m */ = {isa = PBXFileReference; fileEncoding = 4; lastKnownFileType = sourcecode.c.objc; path = "NSUserDefaults+DemoSettings.m"; sourceTree = SOURCE_ROOT; };
		872113431B7E942000F787F1 /* FontAwesome.ttf */ = {isa = PBXFileReference; lastKnownFileType = file; name = FontAwesome.ttf; path = "Pods/FontAwesome+iOS/Resources/FontAwesome.ttf"; sourceTree = "<group>"; };
		872BB5661B74AD26004CDBE7 /* FriendCell.h */ = {isa = PBXFileReference; fileEncoding = 4; lastKnownFileType = sourcecode.c.h; path = FriendCell.h; sourceTree = "<group>"; };
		872BB5671B74AD26004CDBE7 /* FriendCell.m */ = {isa = PBXFileReference; fileEncoding = 4; lastKnownFileType = sourcecode.c.objc; path = FriendCell.m; sourceTree = "<group>"; };
		872BB5691B74B56C004CDBE7 /* ChatCell.h */ = {isa = PBXFileReference; fileEncoding = 4; lastKnownFileType = sourcecode.c.h; path = ChatCell.h; sourceTree = "<group>"; };
		872BB56A1B74B56C004CDBE7 /* ChatCell.m */ = {isa = PBXFileReference; fileEncoding = 4; lastKnownFileType = sourcecode.c.objc; path = ChatCell.m; sourceTree = "<group>"; };
		872BB56C1B74BC36004CDBE7 /* ChatViewController.h */ = {isa = PBXFileReference; fileEncoding = 4; lastKnownFileType = sourcecode.c.h; path = ChatViewController.h; sourceTree = "<group>"; };
		872BB56D1B74BC36004CDBE7 /* ChatViewController.m */ = {isa = PBXFileReference; fileEncoding = 4; lastKnownFileType = sourcecode.c.objc; path = ChatViewController.m; sourceTree = "<group>"; };
		872BB59C1B74CAD1004CDBE7 /* AwesomeMenu.h */ = {isa = PBXFileReference; fileEncoding = 4; lastKnownFileType = sourcecode.c.h; path = AwesomeMenu.h; sourceTree = "<group>"; };
		872BB59D1B74CAD1004CDBE7 /* AwesomeMenu.m */ = {isa = PBXFileReference; fileEncoding = 4; lastKnownFileType = sourcecode.c.objc; path = AwesomeMenu.m; sourceTree = "<group>"; };
		872BB59E1B74CAD1004CDBE7 /* AwesomeMenuItem.h */ = {isa = PBXFileReference; fileEncoding = 4; lastKnownFileType = sourcecode.c.h; path = AwesomeMenuItem.h; sourceTree = "<group>"; };
		872BB59F1B74CAD1004CDBE7 /* AwesomeMenuItem.m */ = {isa = PBXFileReference; fileEncoding = 4; lastKnownFileType = sourcecode.c.objc; path = AwesomeMenuItem.m; sourceTree = "<group>"; };
		874C87C31B4ADB3B0069A041 /* JSQMessagesAssets.bundle */ = {isa = PBXFileReference; lastKnownFileType = "wrapper.plug-in"; path = JSQMessagesAssets.bundle; sourceTree = "<group>"; };
		874C87C51B4ADB3B0069A041 /* JSQSystemSoundPlayer+JSQMessages.h */ = {isa = PBXFileReference; fileEncoding = 4; lastKnownFileType = sourcecode.c.h; path = "JSQSystemSoundPlayer+JSQMessages.h"; sourceTree = "<group>"; };
		874C87C61B4ADB3B0069A041 /* JSQSystemSoundPlayer+JSQMessages.m */ = {isa = PBXFileReference; fileEncoding = 4; lastKnownFileType = sourcecode.c.objc; path = "JSQSystemSoundPlayer+JSQMessages.m"; sourceTree = "<group>"; };
		874C87C71B4ADB3B0069A041 /* NSBundle+JSQMessages.h */ = {isa = PBXFileReference; fileEncoding = 4; lastKnownFileType = sourcecode.c.h; path = "NSBundle+JSQMessages.h"; sourceTree = "<group>"; };
		874C87C81B4ADB3B0069A041 /* NSBundle+JSQMessages.m */ = {isa = PBXFileReference; fileEncoding = 4; lastKnownFileType = sourcecode.c.objc; path = "NSBundle+JSQMessages.m"; sourceTree = "<group>"; };
		874C87C91B4ADB3B0069A041 /* NSString+JSQMessages.h */ = {isa = PBXFileReference; fileEncoding = 4; lastKnownFileType = sourcecode.c.h; path = "NSString+JSQMessages.h"; sourceTree = "<group>"; };
		874C87CA1B4ADB3B0069A041 /* NSString+JSQMessages.m */ = {isa = PBXFileReference; fileEncoding = 4; lastKnownFileType = sourcecode.c.objc; path = "NSString+JSQMessages.m"; sourceTree = "<group>"; };
		874C87CB1B4ADB3B0069A041 /* UIColor+JSQMessages.h */ = {isa = PBXFileReference; fileEncoding = 4; lastKnownFileType = sourcecode.c.h; path = "UIColor+JSQMessages.h"; sourceTree = "<group>"; };
		874C87CC1B4ADB3B0069A041 /* UIColor+JSQMessages.m */ = {isa = PBXFileReference; fileEncoding = 4; lastKnownFileType = sourcecode.c.objc; path = "UIColor+JSQMessages.m"; sourceTree = "<group>"; };
		874C87CD1B4ADB3B0069A041 /* UIDevice+JSQMessages.h */ = {isa = PBXFileReference; fileEncoding = 4; lastKnownFileType = sourcecode.c.h; path = "UIDevice+JSQMessages.h"; sourceTree = "<group>"; };
		874C87CE1B4ADB3B0069A041 /* UIDevice+JSQMessages.m */ = {isa = PBXFileReference; fileEncoding = 4; lastKnownFileType = sourcecode.c.objc; path = "UIDevice+JSQMessages.m"; sourceTree = "<group>"; };
		874C87CF1B4ADB3B0069A041 /* UIImage+JSQMessages.h */ = {isa = PBXFileReference; fileEncoding = 4; lastKnownFileType = sourcecode.c.h; path = "UIImage+JSQMessages.h"; sourceTree = "<group>"; };
		874C87D01B4ADB3B0069A041 /* UIImage+JSQMessages.m */ = {isa = PBXFileReference; fileEncoding = 4; lastKnownFileType = sourcecode.c.objc; path = "UIImage+JSQMessages.m"; sourceTree = "<group>"; };
		874C87D11B4ADB3B0069A041 /* UIView+JSQMessages.h */ = {isa = PBXFileReference; fileEncoding = 4; lastKnownFileType = sourcecode.c.h; path = "UIView+JSQMessages.h"; sourceTree = "<group>"; };
		874C87D21B4ADB3B0069A041 /* UIView+JSQMessages.m */ = {isa = PBXFileReference; fileEncoding = 4; lastKnownFileType = sourcecode.c.objc; path = "UIView+JSQMessages.m"; sourceTree = "<group>"; };
		874C87D41B4ADB3B0069A041 /* JSQMessagesKeyboardController.h */ = {isa = PBXFileReference; fileEncoding = 4; lastKnownFileType = sourcecode.c.h; path = JSQMessagesKeyboardController.h; sourceTree = "<group>"; };
		874C87D51B4ADB3B0069A041 /* JSQMessagesKeyboardController.m */ = {isa = PBXFileReference; fileEncoding = 4; lastKnownFileType = sourcecode.c.objc; path = JSQMessagesKeyboardController.m; sourceTree = "<group>"; };
		874C87D61B4ADB3B0069A041 /* JSQMessagesViewController.h */ = {isa = PBXFileReference; fileEncoding = 4; lastKnownFileType = sourcecode.c.h; path = JSQMessagesViewController.h; sourceTree = "<group>"; };
		874C87D71B4ADB3B0069A041 /* JSQMessagesViewController.m */ = {isa = PBXFileReference; fileEncoding = 4; lastKnownFileType = sourcecode.c.objc; path = JSQMessagesViewController.m; sourceTree = "<group>"; };
		874C87D81B4ADB3B0069A041 /* JSQMessagesViewController.xib */ = {isa = PBXFileReference; fileEncoding = 4; lastKnownFileType = file.xib; path = JSQMessagesViewController.xib; sourceTree = "<group>"; };
		874C87DA1B4ADB3B0069A041 /* JSQMessagesAvatarImageFactory.h */ = {isa = PBXFileReference; fileEncoding = 4; lastKnownFileType = sourcecode.c.h; path = JSQMessagesAvatarImageFactory.h; sourceTree = "<group>"; };
		874C87DB1B4ADB3B0069A041 /* JSQMessagesAvatarImageFactory.m */ = {isa = PBXFileReference; fileEncoding = 4; lastKnownFileType = sourcecode.c.objc; path = JSQMessagesAvatarImageFactory.m; sourceTree = "<group>"; };
		874C87DC1B4ADB3B0069A041 /* JSQMessagesBubbleImageFactory.h */ = {isa = PBXFileReference; fileEncoding = 4; lastKnownFileType = sourcecode.c.h; path = JSQMessagesBubbleImageFactory.h; sourceTree = "<group>"; };
		874C87DD1B4ADB3B0069A041 /* JSQMessagesBubbleImageFactory.m */ = {isa = PBXFileReference; fileEncoding = 4; lastKnownFileType = sourcecode.c.objc; path = JSQMessagesBubbleImageFactory.m; sourceTree = "<group>"; };
		874C87DE1B4ADB3B0069A041 /* JSQMessagesMediaViewBubbleImageMasker.h */ = {isa = PBXFileReference; fileEncoding = 4; lastKnownFileType = sourcecode.c.h; path = JSQMessagesMediaViewBubbleImageMasker.h; sourceTree = "<group>"; };
		874C87DF1B4ADB3B0069A041 /* JSQMessagesMediaViewBubbleImageMasker.m */ = {isa = PBXFileReference; fileEncoding = 4; lastKnownFileType = sourcecode.c.objc; path = JSQMessagesMediaViewBubbleImageMasker.m; sourceTree = "<group>"; };
		874C87E01B4ADB3B0069A041 /* JSQMessagesTimestampFormatter.h */ = {isa = PBXFileReference; fileEncoding = 4; lastKnownFileType = sourcecode.c.h; path = JSQMessagesTimestampFormatter.h; sourceTree = "<group>"; };
		874C87E11B4ADB3B0069A041 /* JSQMessagesTimestampFormatter.m */ = {isa = PBXFileReference; fileEncoding = 4; lastKnownFileType = sourcecode.c.objc; path = JSQMessagesTimestampFormatter.m; sourceTree = "<group>"; };
		874C87E21B4ADB3B0069A041 /* JSQMessagesToolbarButtonFactory.h */ = {isa = PBXFileReference; fileEncoding = 4; lastKnownFileType = sourcecode.c.h; path = JSQMessagesToolbarButtonFactory.h; sourceTree = "<group>"; };
		874C87E31B4ADB3B0069A041 /* JSQMessagesToolbarButtonFactory.m */ = {isa = PBXFileReference; fileEncoding = 4; lastKnownFileType = sourcecode.c.objc; path = JSQMessagesToolbarButtonFactory.m; sourceTree = "<group>"; };
		874C87E41B4ADB3B0069A041 /* JSQMessages.h */ = {isa = PBXFileReference; fileEncoding = 4; lastKnownFileType = sourcecode.c.h; path = JSQMessages.h; sourceTree = "<group>"; };
		874C87E61B4ADB3B0069A041 /* JSQMessagesCollectionViewFlowLayout.h */ = {isa = PBXFileReference; fileEncoding = 4; lastKnownFileType = sourcecode.c.h; path = JSQMessagesCollectionViewFlowLayout.h; sourceTree = "<group>"; };
		874C87E71B4ADB3B0069A041 /* JSQMessagesCollectionViewFlowLayout.m */ = {isa = PBXFileReference; fileEncoding = 4; lastKnownFileType = sourcecode.c.objc; path = JSQMessagesCollectionViewFlowLayout.m; sourceTree = "<group>"; };
		874C87E81B4ADB3B0069A041 /* JSQMessagesCollectionViewFlowLayoutInvalidationContext.h */ = {isa = PBXFileReference; fileEncoding = 4; lastKnownFileType = sourcecode.c.h; path = JSQMessagesCollectionViewFlowLayoutInvalidationContext.h; sourceTree = "<group>"; };
		874C87E91B4ADB3B0069A041 /* JSQMessagesCollectionViewFlowLayoutInvalidationContext.m */ = {isa = PBXFileReference; fileEncoding = 4; lastKnownFileType = sourcecode.c.objc; path = JSQMessagesCollectionViewFlowLayoutInvalidationContext.m; sourceTree = "<group>"; };
		874C87EA1B4ADB3B0069A041 /* JSQMessagesCollectionViewLayoutAttributes.h */ = {isa = PBXFileReference; fileEncoding = 4; lastKnownFileType = sourcecode.c.h; path = JSQMessagesCollectionViewLayoutAttributes.h; sourceTree = "<group>"; };
		874C87EB1B4ADB3B0069A041 /* JSQMessagesCollectionViewLayoutAttributes.m */ = {isa = PBXFileReference; fileEncoding = 4; lastKnownFileType = sourcecode.c.objc; path = JSQMessagesCollectionViewLayoutAttributes.m; sourceTree = "<group>"; };
		874C87ED1B4ADB3B0069A041 /* JSQLocationMediaItem.h */ = {isa = PBXFileReference; fileEncoding = 4; lastKnownFileType = sourcecode.c.h; path = JSQLocationMediaItem.h; sourceTree = "<group>"; };
		874C87EE1B4ADB3B0069A041 /* JSQLocationMediaItem.m */ = {isa = PBXFileReference; fileEncoding = 4; lastKnownFileType = sourcecode.c.objc; path = JSQLocationMediaItem.m; sourceTree = "<group>"; };
		874C87EF1B4ADB3B0069A041 /* JSQMediaItem.h */ = {isa = PBXFileReference; fileEncoding = 4; lastKnownFileType = sourcecode.c.h; path = JSQMediaItem.h; sourceTree = "<group>"; };
		874C87F01B4ADB3B0069A041 /* JSQMediaItem.m */ = {isa = PBXFileReference; fileEncoding = 4; lastKnownFileType = sourcecode.c.objc; path = JSQMediaItem.m; sourceTree = "<group>"; };
		874C87F11B4ADB3B0069A041 /* JSQMessage.h */ = {isa = PBXFileReference; fileEncoding = 4; lastKnownFileType = sourcecode.c.h; path = JSQMessage.h; sourceTree = "<group>"; };
		874C87F21B4ADB3B0069A041 /* JSQMessage.m */ = {isa = PBXFileReference; fileEncoding = 4; lastKnownFileType = sourcecode.c.objc; path = JSQMessage.m; sourceTree = "<group>"; };
		874C87F31B4ADB3B0069A041 /* JSQMessageAvatarImageDataSource.h */ = {isa = PBXFileReference; fileEncoding = 4; lastKnownFileType = sourcecode.c.h; path = JSQMessageAvatarImageDataSource.h; sourceTree = "<group>"; };
		874C87F41B4ADB3B0069A041 /* JSQMessageBubbleImageDataSource.h */ = {isa = PBXFileReference; fileEncoding = 4; lastKnownFileType = sourcecode.c.h; path = JSQMessageBubbleImageDataSource.h; sourceTree = "<group>"; };
		874C87F51B4ADB3B0069A041 /* JSQMessageData.h */ = {isa = PBXFileReference; fileEncoding = 4; lastKnownFileType = sourcecode.c.h; path = JSQMessageData.h; sourceTree = "<group>"; };
		874C87F61B4ADB3B0069A041 /* JSQMessageMediaData.h */ = {isa = PBXFileReference; fileEncoding = 4; lastKnownFileType = sourcecode.c.h; path = JSQMessageMediaData.h; sourceTree = "<group>"; };
		874C87F71B4ADB3B0069A041 /* JSQMessagesAvatarImage.h */ = {isa = PBXFileReference; fileEncoding = 4; lastKnownFileType = sourcecode.c.h; path = JSQMessagesAvatarImage.h; sourceTree = "<group>"; };
		874C87F81B4ADB3B0069A041 /* JSQMessagesAvatarImage.m */ = {isa = PBXFileReference; fileEncoding = 4; lastKnownFileType = sourcecode.c.objc; path = JSQMessagesAvatarImage.m; sourceTree = "<group>"; };
		874C87F91B4ADB3B0069A041 /* JSQMessagesBubbleImage.h */ = {isa = PBXFileReference; fileEncoding = 4; lastKnownFileType = sourcecode.c.h; path = JSQMessagesBubbleImage.h; sourceTree = "<group>"; };
		874C87FA1B4ADB3B0069A041 /* JSQMessagesBubbleImage.m */ = {isa = PBXFileReference; fileEncoding = 4; lastKnownFileType = sourcecode.c.objc; path = JSQMessagesBubbleImage.m; sourceTree = "<group>"; };
		874C87FB1B4ADB3B0069A041 /* JSQMessagesCollectionViewDataSource.h */ = {isa = PBXFileReference; fileEncoding = 4; lastKnownFileType = sourcecode.c.h; path = JSQMessagesCollectionViewDataSource.h; sourceTree = "<group>"; };
		874C87FC1B4ADB3B0069A041 /* JSQMessagesCollectionViewDelegateFlowLayout.h */ = {isa = PBXFileReference; fileEncoding = 4; lastKnownFileType = sourcecode.c.h; path = JSQMessagesCollectionViewDelegateFlowLayout.h; sourceTree = "<group>"; };
		874C87FD1B4ADB3B0069A041 /* JSQPhotoMediaItem.h */ = {isa = PBXFileReference; fileEncoding = 4; lastKnownFileType = sourcecode.c.h; path = JSQPhotoMediaItem.h; sourceTree = "<group>"; };
		874C87FE1B4ADB3B0069A041 /* JSQPhotoMediaItem.m */ = {isa = PBXFileReference; fileEncoding = 4; lastKnownFileType = sourcecode.c.objc; path = JSQPhotoMediaItem.m; sourceTree = "<group>"; };
		874C87FF1B4ADB3B0069A041 /* JSQVideoMediaItem.h */ = {isa = PBXFileReference; fileEncoding = 4; lastKnownFileType = sourcecode.c.h; path = JSQVideoMediaItem.h; sourceTree = "<group>"; };
		874C88001B4ADB3B0069A041 /* JSQVideoMediaItem.m */ = {isa = PBXFileReference; fileEncoding = 4; lastKnownFileType = sourcecode.c.objc; path = JSQVideoMediaItem.m; sourceTree = "<group>"; };
		874C88021B4ADB3B0069A041 /* JSQMessagesCellTextView.h */ = {isa = PBXFileReference; fileEncoding = 4; lastKnownFileType = sourcecode.c.h; path = JSQMessagesCellTextView.h; sourceTree = "<group>"; };
		874C88031B4ADB3B0069A041 /* JSQMessagesCellTextView.m */ = {isa = PBXFileReference; fileEncoding = 4; lastKnownFileType = sourcecode.c.objc; path = JSQMessagesCellTextView.m; sourceTree = "<group>"; };
		874C88041B4ADB3B0069A041 /* JSQMessagesCollectionView.h */ = {isa = PBXFileReference; fileEncoding = 4; lastKnownFileType = sourcecode.c.h; path = JSQMessagesCollectionView.h; sourceTree = "<group>"; };
		874C88051B4ADB3B0069A041 /* JSQMessagesCollectionView.m */ = {isa = PBXFileReference; fileEncoding = 4; lastKnownFileType = sourcecode.c.objc; path = JSQMessagesCollectionView.m; sourceTree = "<group>"; };
		874C88061B4ADB3B0069A041 /* JSQMessagesCollectionViewCell.h */ = {isa = PBXFileReference; fileEncoding = 4; lastKnownFileType = sourcecode.c.h; path = JSQMessagesCollectionViewCell.h; sourceTree = "<group>"; };
		874C88071B4ADB3B0069A041 /* JSQMessagesCollectionViewCell.m */ = {isa = PBXFileReference; fileEncoding = 4; lastKnownFileType = sourcecode.c.objc; path = JSQMessagesCollectionViewCell.m; sourceTree = "<group>"; };
		874C88081B4ADB3B0069A041 /* JSQMessagesCollectionViewCellIncoming.h */ = {isa = PBXFileReference; fileEncoding = 4; lastKnownFileType = sourcecode.c.h; path = JSQMessagesCollectionViewCellIncoming.h; sourceTree = "<group>"; };
		874C88091B4ADB3B0069A041 /* JSQMessagesCollectionViewCellIncoming.m */ = {isa = PBXFileReference; fileEncoding = 4; lastKnownFileType = sourcecode.c.objc; path = JSQMessagesCollectionViewCellIncoming.m; sourceTree = "<group>"; };
		874C880A1B4ADB3B0069A041 /* JSQMessagesCollectionViewCellIncoming.xib */ = {isa = PBXFileReference; fileEncoding = 4; lastKnownFileType = file.xib; path = JSQMessagesCollectionViewCellIncoming.xib; sourceTree = "<group>"; };
		874C880B1B4ADB3B0069A041 /* JSQMessagesCollectionViewCellOutgoing.h */ = {isa = PBXFileReference; fileEncoding = 4; lastKnownFileType = sourcecode.c.h; path = JSQMessagesCollectionViewCellOutgoing.h; sourceTree = "<group>"; };
		874C880C1B4ADB3B0069A041 /* JSQMessagesCollectionViewCellOutgoing.m */ = {isa = PBXFileReference; fileEncoding = 4; lastKnownFileType = sourcecode.c.objc; path = JSQMessagesCollectionViewCellOutgoing.m; sourceTree = "<group>"; };
		874C880D1B4ADB3B0069A041 /* JSQMessagesCollectionViewCellOutgoing.xib */ = {isa = PBXFileReference; fileEncoding = 4; lastKnownFileType = file.xib; path = JSQMessagesCollectionViewCellOutgoing.xib; sourceTree = "<group>"; };
		874C880E1B4ADB3B0069A041 /* JSQMessagesComposerTextView.h */ = {isa = PBXFileReference; fileEncoding = 4; lastKnownFileType = sourcecode.c.h; path = JSQMessagesComposerTextView.h; sourceTree = "<group>"; };
		874C880F1B4ADB3B0069A041 /* JSQMessagesComposerTextView.m */ = {isa = PBXFileReference; fileEncoding = 4; lastKnownFileType = sourcecode.c.objc; path = JSQMessagesComposerTextView.m; sourceTree = "<group>"; };
		874C88101B4ADB3B0069A041 /* JSQMessagesInputToolbar.h */ = {isa = PBXFileReference; fileEncoding = 4; lastKnownFileType = sourcecode.c.h; path = JSQMessagesInputToolbar.h; sourceTree = "<group>"; };
		874C88111B4ADB3B0069A041 /* JSQMessagesInputToolbar.m */ = {isa = PBXFileReference; fileEncoding = 4; lastKnownFileType = sourcecode.c.objc; path = JSQMessagesInputToolbar.m; sourceTree = "<group>"; };
		874C88121B4ADB3B0069A041 /* JSQMessagesLabel.h */ = {isa = PBXFileReference; fileEncoding = 4; lastKnownFileType = sourcecode.c.h; path = JSQMessagesLabel.h; sourceTree = "<group>"; };
		874C88131B4ADB3B0069A041 /* JSQMessagesLabel.m */ = {isa = PBXFileReference; fileEncoding = 4; lastKnownFileType = sourcecode.c.objc; path = JSQMessagesLabel.m; sourceTree = "<group>"; };
		874C88141B4ADB3B0069A041 /* JSQMessagesLoadEarlierHeaderView.h */ = {isa = PBXFileReference; fileEncoding = 4; lastKnownFileType = sourcecode.c.h; path = JSQMessagesLoadEarlierHeaderView.h; sourceTree = "<group>"; };
		874C88151B4ADB3B0069A041 /* JSQMessagesLoadEarlierHeaderView.m */ = {isa = PBXFileReference; fileEncoding = 4; lastKnownFileType = sourcecode.c.objc; path = JSQMessagesLoadEarlierHeaderView.m; sourceTree = "<group>"; };
		874C88161B4ADB3B0069A041 /* JSQMessagesLoadEarlierHeaderView.xib */ = {isa = PBXFileReference; fileEncoding = 4; lastKnownFileType = file.xib; path = JSQMessagesLoadEarlierHeaderView.xib; sourceTree = "<group>"; };
		874C88171B4ADB3B0069A041 /* JSQMessagesMediaPlaceholderView.h */ = {isa = PBXFileReference; fileEncoding = 4; lastKnownFileType = sourcecode.c.h; path = JSQMessagesMediaPlaceholderView.h; sourceTree = "<group>"; };
		874C88181B4ADB3B0069A041 /* JSQMessagesMediaPlaceholderView.m */ = {isa = PBXFileReference; fileEncoding = 4; lastKnownFileType = sourcecode.c.objc; path = JSQMessagesMediaPlaceholderView.m; sourceTree = "<group>"; };
		874C88191B4ADB3B0069A041 /* JSQMessagesToolbarContentView.h */ = {isa = PBXFileReference; fileEncoding = 4; lastKnownFileType = sourcecode.c.h; path = JSQMessagesToolbarContentView.h; sourceTree = "<group>"; };
		874C881A1B4ADB3B0069A041 /* JSQMessagesToolbarContentView.m */ = {isa = PBXFileReference; fileEncoding = 4; lastKnownFileType = sourcecode.c.objc; path = JSQMessagesToolbarContentView.m; sourceTree = "<group>"; };
		874C881B1B4ADB3B0069A041 /* JSQMessagesToolbarContentView.xib */ = {isa = PBXFileReference; fileEncoding = 4; lastKnownFileType = file.xib; path = JSQMessagesToolbarContentView.xib; sourceTree = "<group>"; };
		874C881C1B4ADB3B0069A041 /* JSQMessagesTypingIndicatorFooterView.h */ = {isa = PBXFileReference; fileEncoding = 4; lastKnownFileType = sourcecode.c.h; path = JSQMessagesTypingIndicatorFooterView.h; sourceTree = "<group>"; };
		874C881D1B4ADB3B0069A041 /* JSQMessagesTypingIndicatorFooterView.m */ = {isa = PBXFileReference; fileEncoding = 4; lastKnownFileType = sourcecode.c.objc; path = JSQMessagesTypingIndicatorFooterView.m; sourceTree = "<group>"; };
		874C881E1B4ADB3B0069A041 /* JSQMessagesTypingIndicatorFooterView.xib */ = {isa = PBXFileReference; fileEncoding = 4; lastKnownFileType = file.xib; path = JSQMessagesTypingIndicatorFooterView.xib; sourceTree = "<group>"; };
		879CCC531B81D2870031FDCC /* Model.xcdatamodel */ = {isa = PBXFileReference; lastKnownFileType = wrapper.xcdatamodel; path = Model.xcdatamodel; sourceTree = "<group>"; };
		879CCC581B81D4860031FDCC /* Friend.h */ = {isa = PBXFileReference; fileEncoding = 4; lastKnownFileType = sourcecode.c.h; path = Friend.h; sourceTree = "<group>"; };
		879CCC591B81D4860031FDCC /* Friend.m */ = {isa = PBXFileReference; fileEncoding = 4; lastKnownFileType = sourcecode.c.objc; path = Friend.m; sourceTree = "<group>"; };
		879CCC5B1B81D6460031FDCC /* DataManager.h */ = {isa = PBXFileReference; fileEncoding = 4; lastKnownFileType = sourcecode.c.h; path = DataManager.h; sourceTree = "<group>"; };
		879CCC5C1B81D6460031FDCC /* DataManager.m */ = {isa = PBXFileReference; fileEncoding = 4; lastKnownFileType = sourcecode.c.objc; path = DataManager.m; sourceTree = "<group>"; };
		87D472331B749891008075B8 /* HomeViewController.h */ = {isa = PBXFileReference; fileEncoding = 4; lastKnownFileType = sourcecode.c.h; path = HomeViewController.h; sourceTree = "<group>"; };
		87D472341B749891008075B8 /* HomeViewController.m */ = {isa = PBXFileReference; fileEncoding = 4; lastKnownFileType = sourcecode.c.objc; path = HomeViewController.m; sourceTree = "<group>"; };
		87D472361B74A719008075B8 /* FriendsTableViewController.h */ = {isa = PBXFileReference; fileEncoding = 4; lastKnownFileType = sourcecode.c.h; path = FriendsTableViewController.h; sourceTree = SOURCE_ROOT; };
		87D472371B74A719008075B8 /* FriendsTableViewController.m */ = {isa = PBXFileReference; fileEncoding = 4; lastKnownFileType = sourcecode.c.objc; path = FriendsTableViewController.m; sourceTree = SOURCE_ROOT; };
		87DA195D1B72872A00941DCE /* SignInViewController.h */ = {isa = PBXFileReference; fileEncoding = 4; lastKnownFileType = sourcecode.c.h; path = SignInViewController.h; sourceTree = SOURCE_ROOT; };
		87DA195E1B72872A00941DCE /* SignInViewController.m */ = {isa = PBXFileReference; fileEncoding = 4; lastKnownFileType = sourcecode.c.objc; path = SignInViewController.m; sourceTree = SOURCE_ROOT; };
		87EAC92D1B74183D00935178 /* constants.h */ = {isa = PBXFileReference; lastKnownFileType = sourcecode.c.h; path = constants.h; sourceTree = "<group>"; };
/* End PBXFileReference section */

/* Begin PBXFrameworksBuildPhase section */
		8707F9AC1B446F57004B4C20 /* Frameworks */ = {
			isa = PBXFrameworksBuildPhase;
			buildActionMask = 2147483647;
			files = (
				0A10B9D513BF2A431F2FEB6C /* Pods_InstaMelody.framework in Frameworks */,
			);
			runOnlyForDeploymentPostprocessing = 0;
		};
		8707F9C81B446F57004B4C20 /* Frameworks */ = {
			isa = PBXFrameworksBuildPhase;
			buildActionMask = 2147483647;
			files = (
			);
			runOnlyForDeploymentPostprocessing = 0;
		};
/* End PBXFrameworksBuildPhase section */

/* Begin PBXGroup section */
		8707F9A61B446F57004B4C20 = {
			isa = PBXGroup;
			children = (
				872113431B7E942000F787F1 /* FontAwesome.ttf */,
				8707F9B11B446F57004B4C20 /* InstaMelody */,
				8707F9CE1B446F57004B4C20 /* InstaMelodyTests */,
				8707F9B01B446F57004B4C20 /* Products */,
				EA93DE5A339495D0F34F13A9 /* Pods */,
				BBCBAEC0539C77E9A4D53598 /* Frameworks */,
			);
			sourceTree = "<group>";
		};
		8707F9B01B446F57004B4C20 /* Products */ = {
			isa = PBXGroup;
			children = (
				8707F9AF1B446F57004B4C20 /* InstaMelody.app */,
				8707F9CB1B446F57004B4C20 /* InstaMelodyTests.xctest */,
			);
			name = Products;
			sourceTree = "<group>";
		};
		8707F9B11B446F57004B4C20 /* InstaMelody */ = {
			isa = PBXGroup;
			children = (
				879CCC571B81D4860031FDCC /* Model */,
				872BB59B1B74CAD1004CDBE7 /* AwesomeMenu */,
				87175C641B4AE03700C042E4 /* JSQSystemSoundPlayer */,
				874C87C11B4ADB3B0069A041 /* JSQMessagesViewController */,
				8707F9DE1B4476BC004B4C20 /* AFNetworking */,
				87175C691B4AE08E00C042E4 /* NSUserDefaults+DemoSettings.h */,
				87175C6A1B4AE08E00C042E4 /* NSUserDefaults+DemoSettings.m */,
				87175C541B4ADF9E00C042E4 /* DemoMessagesViewController.h */,
				87175C551B4ADF9E00C042E4 /* DemoMessagesViewController.m */,
				87175C561B4ADF9E00C042E4 /* DemoModelData.h */,
				87175C571B4ADF9E00C042E4 /* DemoModelData.m */,
				87EAC92D1B74183D00935178 /* constants.h */,
				8707F9B61B446F57004B4C20 /* AppDelegate.h */,
				8707F9B71B446F57004B4C20 /* AppDelegate.m */,
				8737469F1B729C2B0006F2A9 /* login process */,
				87D472331B749891008075B8 /* HomeViewController.h */,
				87D472341B749891008075B8 /* HomeViewController.m */,
				8707F9B91B446F57004B4C20 /* FirstViewController.h */,
				8707F9BA1B446F57004B4C20 /* FirstViewController.m */,
				87175C511B4ADCEA00C042E4 /* ChatsTableViewController.h */,
				87175C521B4ADCEA00C042E4 /* ChatsTableViewController.m */,
				87D472361B74A719008075B8 /* FriendsTableViewController.h */,
				87D472371B74A719008075B8 /* FriendsTableViewController.m */,
				87098F5E1B74E88000C3E7C9 /* CreateChatViewController.h */,
				87098F5F1B74E88000C3E7C9 /* CreateChatViewController.m */,
				872BB56C1B74BC36004CDBE7 /* ChatViewController.h */,
				872BB56D1B74BC36004CDBE7 /* ChatViewController.m */,
				872BB5661B74AD26004CDBE7 /* FriendCell.h */,
				872BB5671B74AD26004CDBE7 /* FriendCell.m */,
				872BB5691B74B56C004CDBE7 /* ChatCell.h */,
				872BB56A1B74B56C004CDBE7 /* ChatCell.m */,
				8707F9BF1B446F57004B4C20 /* Main.storyboard */,
				8707F9C21B446F57004B4C20 /* Images.xcassets */,
				8707F9C41B446F57004B4C20 /* LaunchScreen.xib */,
				8707F9B21B446F57004B4C20 /* Supporting Files */,
				879CCC521B81D2870031FDCC /* Model.xcdatamodeld */,
			);
			path = InstaMelody;
			sourceTree = "<group>";
		};
		8707F9B21B446F57004B4C20 /* Supporting Files */ = {
			isa = PBXGroup;
			children = (
				8707F9B31B446F57004B4C20 /* Info.plist */,
				8707F9B41B446F57004B4C20 /* main.m */,
			);
			name = "Supporting Files";
			sourceTree = "<group>";
		};
		8707F9CE1B446F57004B4C20 /* InstaMelodyTests */ = {
			isa = PBXGroup;
			children = (
				8707F9D11B446F57004B4C20 /* InstaMelodyTests.m */,
				8707F9CF1B446F57004B4C20 /* Supporting Files */,
			);
			path = InstaMelodyTests;
			sourceTree = "<group>";
		};
		8707F9CF1B446F57004B4C20 /* Supporting Files */ = {
			isa = PBXGroup;
			children = (
				8707F9D01B446F57004B4C20 /* Info.plist */,
			);
			name = "Supporting Files";
			sourceTree = "<group>";
		};
		8707F9DE1B4476BC004B4C20 /* AFNetworking */ = {
			isa = PBXGroup;
			children = (
				8707F9DF1B4476BC004B4C20 /* AFHTTPRequestOperation.h */,
				8707F9E01B4476BC004B4C20 /* AFHTTPRequestOperation.m */,
				8707F9E11B4476BC004B4C20 /* AFHTTPRequestOperationManager.h */,
				8707F9E21B4476BC004B4C20 /* AFHTTPRequestOperationManager.m */,
				8707F9E31B4476BC004B4C20 /* AFHTTPSessionManager.h */,
				8707F9E41B4476BC004B4C20 /* AFHTTPSessionManager.m */,
				8707F9E51B4476BC004B4C20 /* AFNetworking.h */,
				8707F9E61B4476BC004B4C20 /* AFNetworkReachabilityManager.h */,
				8707F9E71B4476BC004B4C20 /* AFNetworkReachabilityManager.m */,
				8707F9E81B4476BC004B4C20 /* AFSecurityPolicy.h */,
				8707F9E91B4476BC004B4C20 /* AFSecurityPolicy.m */,
				8707F9EA1B4476BD004B4C20 /* AFURLConnectionOperation.h */,
				8707F9EB1B4476BD004B4C20 /* AFURLConnectionOperation.m */,
				8707F9EC1B4476BD004B4C20 /* AFURLRequestSerialization.h */,
				8707F9ED1B4476BD004B4C20 /* AFURLRequestSerialization.m */,
				8707F9EE1B4476BD004B4C20 /* AFURLResponseSerialization.h */,
				8707F9EF1B4476BD004B4C20 /* AFURLResponseSerialization.m */,
				8707F9F01B4476BD004B4C20 /* AFURLSessionManager.h */,
				8707F9F11B4476BD004B4C20 /* AFURLSessionManager.m */,
			);
			path = AFNetworking;
			sourceTree = "<group>";
		};
		87175C641B4AE03700C042E4 /* JSQSystemSoundPlayer */ = {
			isa = PBXGroup;
			children = (
				87175C651B4AE03700C042E4 /* Classes */,
			);
			name = JSQSystemSoundPlayer;
			path = JSQSystemSoundPlayer/JSQSystemSoundPlayer;
			sourceTree = "<group>";
		};
		87175C651B4AE03700C042E4 /* Classes */ = {
			isa = PBXGroup;
			children = (
				87175C661B4AE03700C042E4 /* JSQSystemSoundPlayer.h */,
				87175C671B4AE03700C042E4 /* JSQSystemSoundPlayer.m */,
			);
			path = Classes;
			sourceTree = "<group>";
		};
		872BB59B1B74CAD1004CDBE7 /* AwesomeMenu */ = {
			isa = PBXGroup;
			children = (
				872BB59C1B74CAD1004CDBE7 /* AwesomeMenu.h */,
				872BB59D1B74CAD1004CDBE7 /* AwesomeMenu.m */,
				872BB59E1B74CAD1004CDBE7 /* AwesomeMenuItem.h */,
				872BB59F1B74CAD1004CDBE7 /* AwesomeMenuItem.m */,
			);
			path = AwesomeMenu;
			sourceTree = "<group>";
		};
		8737469F1B729C2B0006F2A9 /* login process */ = {
			isa = PBXGroup;
			children = (
				87DA195D1B72872A00941DCE /* SignInViewController.h */,
				87DA195E1B72872A00941DCE /* SignInViewController.m */,
				8707F9DB1B4475E9004B4C20 /* SignUpViewController.h */,
				8707F9DC1B4475E9004B4C20 /* SignUpViewController.m */,
			);
			name = "login process";
			sourceTree = "<group>";
		};
		874C87C11B4ADB3B0069A041 /* JSQMessagesViewController */ = {
			isa = PBXGroup;
			children = (
				874C87C21B4ADB3B0069A041 /* Assets */,
				874C87C41B4ADB3B0069A041 /* Categories */,
				874C87D31B4ADB3B0069A041 /* Controllers */,
				874C87D91B4ADB3B0069A041 /* Factories */,
				874C87E41B4ADB3B0069A041 /* JSQMessages.h */,
				874C87E51B4ADB3B0069A041 /* Layout */,
				874C87EC1B4ADB3B0069A041 /* Model */,
				874C88011B4ADB3B0069A041 /* Views */,
			);
			path = JSQMessagesViewController;
			sourceTree = "<group>";
		};
		874C87C21B4ADB3B0069A041 /* Assets */ = {
			isa = PBXGroup;
			children = (
				874C87C31B4ADB3B0069A041 /* JSQMessagesAssets.bundle */,
			);
			path = Assets;
			sourceTree = "<group>";
		};
		874C87C41B4ADB3B0069A041 /* Categories */ = {
			isa = PBXGroup;
			children = (
				874C87C51B4ADB3B0069A041 /* JSQSystemSoundPlayer+JSQMessages.h */,
				874C87C61B4ADB3B0069A041 /* JSQSystemSoundPlayer+JSQMessages.m */,
				874C87C71B4ADB3B0069A041 /* NSBundle+JSQMessages.h */,
				874C87C81B4ADB3B0069A041 /* NSBundle+JSQMessages.m */,
				874C87C91B4ADB3B0069A041 /* NSString+JSQMessages.h */,
				874C87CA1B4ADB3B0069A041 /* NSString+JSQMessages.m */,
				874C87CB1B4ADB3B0069A041 /* UIColor+JSQMessages.h */,
				874C87CC1B4ADB3B0069A041 /* UIColor+JSQMessages.m */,
				874C87CD1B4ADB3B0069A041 /* UIDevice+JSQMessages.h */,
				874C87CE1B4ADB3B0069A041 /* UIDevice+JSQMessages.m */,
				874C87CF1B4ADB3B0069A041 /* UIImage+JSQMessages.h */,
				874C87D01B4ADB3B0069A041 /* UIImage+JSQMessages.m */,
				874C87D11B4ADB3B0069A041 /* UIView+JSQMessages.h */,
				874C87D21B4ADB3B0069A041 /* UIView+JSQMessages.m */,
			);
			path = Categories;
			sourceTree = "<group>";
		};
		874C87D31B4ADB3B0069A041 /* Controllers */ = {
			isa = PBXGroup;
			children = (
				874C87D41B4ADB3B0069A041 /* JSQMessagesKeyboardController.h */,
				874C87D51B4ADB3B0069A041 /* JSQMessagesKeyboardController.m */,
				874C87D61B4ADB3B0069A041 /* JSQMessagesViewController.h */,
				874C87D71B4ADB3B0069A041 /* JSQMessagesViewController.m */,
				874C87D81B4ADB3B0069A041 /* JSQMessagesViewController.xib */,
			);
			path = Controllers;
			sourceTree = "<group>";
		};
		874C87D91B4ADB3B0069A041 /* Factories */ = {
			isa = PBXGroup;
			children = (
				874C87DA1B4ADB3B0069A041 /* JSQMessagesAvatarImageFactory.h */,
				874C87DB1B4ADB3B0069A041 /* JSQMessagesAvatarImageFactory.m */,
				874C87DC1B4ADB3B0069A041 /* JSQMessagesBubbleImageFactory.h */,
				874C87DD1B4ADB3B0069A041 /* JSQMessagesBubbleImageFactory.m */,
				874C87DE1B4ADB3B0069A041 /* JSQMessagesMediaViewBubbleImageMasker.h */,
				874C87DF1B4ADB3B0069A041 /* JSQMessagesMediaViewBubbleImageMasker.m */,
				874C87E01B4ADB3B0069A041 /* JSQMessagesTimestampFormatter.h */,
				874C87E11B4ADB3B0069A041 /* JSQMessagesTimestampFormatter.m */,
				874C87E21B4ADB3B0069A041 /* JSQMessagesToolbarButtonFactory.h */,
				874C87E31B4ADB3B0069A041 /* JSQMessagesToolbarButtonFactory.m */,
			);
			path = Factories;
			sourceTree = "<group>";
		};
		874C87E51B4ADB3B0069A041 /* Layout */ = {
			isa = PBXGroup;
			children = (
				874C87E61B4ADB3B0069A041 /* JSQMessagesCollectionViewFlowLayout.h */,
				874C87E71B4ADB3B0069A041 /* JSQMessagesCollectionViewFlowLayout.m */,
				874C87E81B4ADB3B0069A041 /* JSQMessagesCollectionViewFlowLayoutInvalidationContext.h */,
				874C87E91B4ADB3B0069A041 /* JSQMessagesCollectionViewFlowLayoutInvalidationContext.m */,
				874C87EA1B4ADB3B0069A041 /* JSQMessagesCollectionViewLayoutAttributes.h */,
				874C87EB1B4ADB3B0069A041 /* JSQMessagesCollectionViewLayoutAttributes.m */,
			);
			path = Layout;
			sourceTree = "<group>";
		};
		874C87EC1B4ADB3B0069A041 /* Model */ = {
			isa = PBXGroup;
			children = (
				874C87ED1B4ADB3B0069A041 /* JSQLocationMediaItem.h */,
				874C87EE1B4ADB3B0069A041 /* JSQLocationMediaItem.m */,
				874C87EF1B4ADB3B0069A041 /* JSQMediaItem.h */,
				874C87F01B4ADB3B0069A041 /* JSQMediaItem.m */,
				874C87F11B4ADB3B0069A041 /* JSQMessage.h */,
				874C87F21B4ADB3B0069A041 /* JSQMessage.m */,
				874C87F31B4ADB3B0069A041 /* JSQMessageAvatarImageDataSource.h */,
				874C87F41B4ADB3B0069A041 /* JSQMessageBubbleImageDataSource.h */,
				874C87F51B4ADB3B0069A041 /* JSQMessageData.h */,
				874C87F61B4ADB3B0069A041 /* JSQMessageMediaData.h */,
				874C87F71B4ADB3B0069A041 /* JSQMessagesAvatarImage.h */,
				874C87F81B4ADB3B0069A041 /* JSQMessagesAvatarImage.m */,
				874C87F91B4ADB3B0069A041 /* JSQMessagesBubbleImage.h */,
				874C87FA1B4ADB3B0069A041 /* JSQMessagesBubbleImage.m */,
				874C87FB1B4ADB3B0069A041 /* JSQMessagesCollectionViewDataSource.h */,
				874C87FC1B4ADB3B0069A041 /* JSQMessagesCollectionViewDelegateFlowLayout.h */,
				874C87FD1B4ADB3B0069A041 /* JSQPhotoMediaItem.h */,
				874C87FE1B4ADB3B0069A041 /* JSQPhotoMediaItem.m */,
				874C87FF1B4ADB3B0069A041 /* JSQVideoMediaItem.h */,
				874C88001B4ADB3B0069A041 /* JSQVideoMediaItem.m */,
			);
			path = Model;
			sourceTree = "<group>";
		};
		874C88011B4ADB3B0069A041 /* Views */ = {
			isa = PBXGroup;
			children = (
				874C88021B4ADB3B0069A041 /* JSQMessagesCellTextView.h */,
				874C88031B4ADB3B0069A041 /* JSQMessagesCellTextView.m */,
				874C88041B4ADB3B0069A041 /* JSQMessagesCollectionView.h */,
				874C88051B4ADB3B0069A041 /* JSQMessagesCollectionView.m */,
				874C88061B4ADB3B0069A041 /* JSQMessagesCollectionViewCell.h */,
				874C88071B4ADB3B0069A041 /* JSQMessagesCollectionViewCell.m */,
				874C88081B4ADB3B0069A041 /* JSQMessagesCollectionViewCellIncoming.h */,
				874C88091B4ADB3B0069A041 /* JSQMessagesCollectionViewCellIncoming.m */,
				874C880A1B4ADB3B0069A041 /* JSQMessagesCollectionViewCellIncoming.xib */,
				874C880B1B4ADB3B0069A041 /* JSQMessagesCollectionViewCellOutgoing.h */,
				874C880C1B4ADB3B0069A041 /* JSQMessagesCollectionViewCellOutgoing.m */,
				874C880D1B4ADB3B0069A041 /* JSQMessagesCollectionViewCellOutgoing.xib */,
				874C880E1B4ADB3B0069A041 /* JSQMessagesComposerTextView.h */,
				874C880F1B4ADB3B0069A041 /* JSQMessagesComposerTextView.m */,
				874C88101B4ADB3B0069A041 /* JSQMessagesInputToolbar.h */,
				874C88111B4ADB3B0069A041 /* JSQMessagesInputToolbar.m */,
				874C88121B4ADB3B0069A041 /* JSQMessagesLabel.h */,
				874C88131B4ADB3B0069A041 /* JSQMessagesLabel.m */,
				874C88141B4ADB3B0069A041 /* JSQMessagesLoadEarlierHeaderView.h */,
				874C88151B4ADB3B0069A041 /* JSQMessagesLoadEarlierHeaderView.m */,
				874C88161B4ADB3B0069A041 /* JSQMessagesLoadEarlierHeaderView.xib */,
				874C88171B4ADB3B0069A041 /* JSQMessagesMediaPlaceholderView.h */,
				874C88181B4ADB3B0069A041 /* JSQMessagesMediaPlaceholderView.m */,
				874C88191B4ADB3B0069A041 /* JSQMessagesToolbarContentView.h */,
				874C881A1B4ADB3B0069A041 /* JSQMessagesToolbarContentView.m */,
				874C881B1B4ADB3B0069A041 /* JSQMessagesToolbarContentView.xib */,
				874C881C1B4ADB3B0069A041 /* JSQMessagesTypingIndicatorFooterView.h */,
				874C881D1B4ADB3B0069A041 /* JSQMessagesTypingIndicatorFooterView.m */,
				874C881E1B4ADB3B0069A041 /* JSQMessagesTypingIndicatorFooterView.xib */,
			);
			path = Views;
			sourceTree = "<group>";
		};
		879CCC571B81D4860031FDCC /* Model */ = {
			isa = PBXGroup;
			children = (
				879CCC5B1B81D6460031FDCC /* DataManager.h */,
				879CCC5C1B81D6460031FDCC /* DataManager.m */,
				879CCC581B81D4860031FDCC /* Friend.h */,
				879CCC591B81D4860031FDCC /* Friend.m */,
			);
			path = Model;
			sourceTree = "<group>";
		};
		BBCBAEC0539C77E9A4D53598 /* Frameworks */ = {
			isa = PBXGroup;
			children = (
				6C4BFAFF7F0F445B4DF19637 /* Pods_InstaMelody.framework */,
			);
			name = Frameworks;
			sourceTree = "<group>";
		};
		EA93DE5A339495D0F34F13A9 /* Pods */ = {
			isa = PBXGroup;
			children = (
				7E4C9DC22F5EAEA430AB4E1D /* Pods-InstaMelody.debug.xcconfig */,
				85A8BE665FB43D9DB14E6A1E /* Pods-InstaMelody.release.xcconfig */,
			);
			name = Pods;
			sourceTree = "<group>";
		};
/* End PBXGroup section */

/* Begin PBXNativeTarget section */
		8707F9AE1B446F57004B4C20 /* InstaMelody */ = {
			isa = PBXNativeTarget;
			buildConfigurationList = 8707F9D51B446F57004B4C20 /* Build configuration list for PBXNativeTarget "InstaMelody" */;
			buildPhases = (
				682DB5FEE556F739CCB73B2D /* Check Pods Manifest.lock */,
				8707F9AB1B446F57004B4C20 /* Sources */,
				8707F9AC1B446F57004B4C20 /* Frameworks */,
				8707F9AD1B446F57004B4C20 /* Resources */,
				206560889E9A4B2242FE364C /* Embed Pods Frameworks */,
				5C0189A8A889736A07B044E8 /* Copy Pods Resources */,
			);
			buildRules = (
			);
			dependencies = (
			);
			name = InstaMelody;
			productName = InstaMelody;
			productReference = 8707F9AF1B446F57004B4C20 /* InstaMelody.app */;
			productType = "com.apple.product-type.application";
		};
		8707F9CA1B446F57004B4C20 /* InstaMelodyTests */ = {
			isa = PBXNativeTarget;
			buildConfigurationList = 8707F9D81B446F57004B4C20 /* Build configuration list for PBXNativeTarget "InstaMelodyTests" */;
			buildPhases = (
				8707F9C71B446F57004B4C20 /* Sources */,
				8707F9C81B446F57004B4C20 /* Frameworks */,
				8707F9C91B446F57004B4C20 /* Resources */,
			);
			buildRules = (
			);
			dependencies = (
				8707F9CD1B446F57004B4C20 /* PBXTargetDependency */,
			);
			name = InstaMelodyTests;
			productName = InstaMelodyTests;
			productReference = 8707F9CB1B446F57004B4C20 /* InstaMelodyTests.xctest */;
			productType = "com.apple.product-type.bundle.unit-test";
		};
/* End PBXNativeTarget section */

/* Begin PBXProject section */
		8707F9A71B446F57004B4C20 /* Project object */ = {
			isa = PBXProject;
			attributes = {
				LastUpgradeCheck = 0630;
				ORGANIZATIONNAME = InstaMelody;
				TargetAttributes = {
					8707F9AE1B446F57004B4C20 = {
						CreatedOnToolsVersion = 6.3.2;
						DevelopmentTeam = AQYXU46U4D;
					};
					8707F9CA1B446F57004B4C20 = {
						CreatedOnToolsVersion = 6.3.2;
						TestTargetID = 8707F9AE1B446F57004B4C20;
					};
				};
			};
			buildConfigurationList = 8707F9AA1B446F57004B4C20 /* Build configuration list for PBXProject "InstaMelody" */;
			compatibilityVersion = "Xcode 3.2";
			developmentRegion = English;
			hasScannedForEncodings = 0;
			knownRegions = (
				en,
				Base,
			);
			mainGroup = 8707F9A61B446F57004B4C20;
			productRefGroup = 8707F9B01B446F57004B4C20 /* Products */;
			projectDirPath = "";
			projectRoot = "";
			targets = (
				8707F9AE1B446F57004B4C20 /* InstaMelody */,
				8707F9CA1B446F57004B4C20 /* InstaMelodyTests */,
			);
		};
/* End PBXProject section */

/* Begin PBXResourcesBuildPhase section */
		8707F9AD1B446F57004B4C20 /* Resources */ = {
			isa = PBXResourcesBuildPhase;
			buildActionMask = 2147483647;
			files = (
				872113441B7E942000F787F1 /* FontAwesome.ttf in Resources */,
				8707F9C11B446F57004B4C20 /* Main.storyboard in Resources */,
				874C88491B4ADB3B0069A041 /* JSQMessagesTypingIndicatorFooterView.xib in Resources */,
				874C881F1B4ADB3B0069A041 /* JSQMessagesAssets.bundle in Resources */,
				8707F9C61B446F57004B4C20 /* LaunchScreen.xib in Resources */,
				874C88441B4ADB3B0069A041 /* JSQMessagesLoadEarlierHeaderView.xib in Resources */,
				874C883F1B4ADB3B0069A041 /* JSQMessagesCollectionViewCellOutgoing.xib in Resources */,
				8707F9C31B446F57004B4C20 /* Images.xcassets in Resources */,
				874C88291B4ADB3B0069A041 /* JSQMessagesViewController.xib in Resources */,
				874C883D1B4ADB3B0069A041 /* JSQMessagesCollectionViewCellIncoming.xib in Resources */,
				874C88471B4ADB3B0069A041 /* JSQMessagesToolbarContentView.xib in Resources */,
			);
			runOnlyForDeploymentPostprocessing = 0;
		};
		8707F9C91B446F57004B4C20 /* Resources */ = {
			isa = PBXResourcesBuildPhase;
			buildActionMask = 2147483647;
			files = (
			);
			runOnlyForDeploymentPostprocessing = 0;
		};
/* End PBXResourcesBuildPhase section */

/* Begin PBXShellScriptBuildPhase section */
		206560889E9A4B2242FE364C /* Embed Pods Frameworks */ = {
			isa = PBXShellScriptBuildPhase;
			buildActionMask = 2147483647;
			files = (
			);
			inputPaths = (
			);
			name = "Embed Pods Frameworks";
			outputPaths = (
			);
			runOnlyForDeploymentPostprocessing = 0;
			shellPath = /bin/sh;
			shellScript = "\"${SRCROOT}/Pods/Target Support Files/Pods-InstaMelody/Pods-InstaMelody-frameworks.sh\"\n";
			showEnvVarsInLog = 0;
		};
		5C0189A8A889736A07B044E8 /* Copy Pods Resources */ = {
			isa = PBXShellScriptBuildPhase;
			buildActionMask = 2147483647;
			files = (
			);
			inputPaths = (
			);
			name = "Copy Pods Resources";
			outputPaths = (
			);
			runOnlyForDeploymentPostprocessing = 0;
			shellPath = /bin/sh;
			shellScript = "\"${SRCROOT}/Pods/Target Support Files/Pods-InstaMelody/Pods-InstaMelody-resources.sh\"\n";
			showEnvVarsInLog = 0;
		};
		682DB5FEE556F739CCB73B2D /* Check Pods Manifest.lock */ = {
			isa = PBXShellScriptBuildPhase;
			buildActionMask = 2147483647;
			files = (
			);
			inputPaths = (
			);
			name = "Check Pods Manifest.lock";
			outputPaths = (
			);
			runOnlyForDeploymentPostprocessing = 0;
			shellPath = /bin/sh;
			shellScript = "diff \"${PODS_ROOT}/../Podfile.lock\" \"${PODS_ROOT}/Manifest.lock\" > /dev/null\nif [[ $? != 0 ]] ; then\n    cat << EOM\nerror: The sandbox is not in sync with the Podfile.lock. Run 'pod install' or update your CocoaPods installation.\nEOM\n    exit 1\nfi\n";
			showEnvVarsInLog = 0;
		};
/* End PBXShellScriptBuildPhase section */

/* Begin PBXSourcesBuildPhase section */
		8707F9AB1B446F57004B4C20 /* Sources */ = {
			isa = PBXSourcesBuildPhase;
			buildActionMask = 2147483647;
			files = (
				874C88381B4ADB3B0069A041 /* JSQVideoMediaItem.m in Sources */,
				879CCC5A1B81D4860031FDCC /* Friend.m in Sources */,
				872BB5A11B74CAD1004CDBE7 /* AwesomeMenuItem.m in Sources */,
				8707F9F71B4476BD004B4C20 /* AFURLConnectionOperation.m in Sources */,
				872BB5A01B74CAD1004CDBE7 /* AwesomeMenu.m in Sources */,
				872BB56E1B74BC36004CDBE7 /* ChatViewController.m in Sources */,
				8707F9F21B4476BD004B4C20 /* AFHTTPRequestOperation.m in Sources */,
				87D472381B74A719008075B8 /* FriendsTableViewController.m in Sources */,
				874C883C1B4ADB3B0069A041 /* JSQMessagesCollectionViewCellIncoming.m in Sources */,
				874C88311B4ADB3B0069A041 /* JSQMessagesCollectionViewLayoutAttributes.m in Sources */,
				8707F9F51B4476BD004B4C20 /* AFNetworkReachabilityManager.m in Sources */,
				8707F9FA1B4476BD004B4C20 /* AFURLSessionManager.m in Sources */,
				874C88431B4ADB3B0069A041 /* JSQMessagesLoadEarlierHeaderView.m in Sources */,
				874C882D1B4ADB3B0069A041 /* JSQMessagesTimestampFormatter.m in Sources */,
				874C88331B4ADB3B0069A041 /* JSQMediaItem.m in Sources */,
				8707F9F81B4476BD004B4C20 /* AFURLRequestSerialization.m in Sources */,
				874C883A1B4ADB3B0069A041 /* JSQMessagesCollectionView.m in Sources */,
				8707F9F91B4476BD004B4C20 /* AFURLResponseSerialization.m in Sources */,
				8707F9B81B446F57004B4C20 /* AppDelegate.m in Sources */,
				874C88411B4ADB3B0069A041 /* JSQMessagesInputToolbar.m in Sources */,
				87DA195F1B72872A00941DCE /* SignInViewController.m in Sources */,
				874C88481B4ADB3B0069A041 /* JSQMessagesTypingIndicatorFooterView.m in Sources */,
				874C882B1B4ADB3B0069A041 /* JSQMessagesBubbleImageFactory.m in Sources */,
				874C88231B4ADB3B0069A041 /* UIColor+JSQMessages.m in Sources */,
				8707F9BB1B446F57004B4C20 /* FirstViewController.m in Sources */,
				874C88371B4ADB3B0069A041 /* JSQPhotoMediaItem.m in Sources */,
				874C882F1B4ADB3B0069A041 /* JSQMessagesCollectionViewFlowLayout.m in Sources */,
				8707F9F31B4476BD004B4C20 /* AFHTTPRequestOperationManager.m in Sources */,
				879CCC541B81D2870031FDCC /* Model.xcdatamodeld in Sources */,
				874C88251B4ADB3B0069A041 /* UIImage+JSQMessages.m in Sources */,
				87175C581B4ADF9E00C042E4 /* DemoMessagesViewController.m in Sources */,
				879CCC5D1B81D6460031FDCC /* DataManager.m in Sources */,
				874C882C1B4ADB3B0069A041 /* JSQMessagesMediaViewBubbleImageMasker.m in Sources */,
				874C88451B4ADB3B0069A041 /* JSQMessagesMediaPlaceholderView.m in Sources */,
				87175C531B4ADCEA00C042E4 /* ChatsTableViewController.m in Sources */,
				872BB5681B74AD26004CDBE7 /* FriendCell.m in Sources */,
				874C88301B4ADB3B0069A041 /* JSQMessagesCollectionViewFlowLayoutInvalidationContext.m in Sources */,
				874C88461B4ADB3B0069A041 /* JSQMessagesToolbarContentView.m in Sources */,
				874C88391B4ADB3B0069A041 /* JSQMessagesCellTextView.m in Sources */,
				8707F9F61B4476BD004B4C20 /* AFSecurityPolicy.m in Sources */,
				874C88221B4ADB3B0069A041 /* NSString+JSQMessages.m in Sources */,
				874C88261B4ADB3B0069A041 /* UIView+JSQMessages.m in Sources */,
				8707F9B51B446F57004B4C20 /* main.m in Sources */,
				874C88281B4ADB3B0069A041 /* JSQMessagesViewController.m in Sources */,
				87175C6B1B4AE08E00C042E4 /* NSUserDefaults+DemoSettings.m in Sources */,
				872BB56B1B74B56C004CDBE7 /* ChatCell.m in Sources */,
				874C88351B4ADB3B0069A041 /* JSQMessagesAvatarImage.m in Sources */,
				8707F9DD1B4475E9004B4C20 /* SignUpViewController.m in Sources */,
				874C88401B4ADB3B0069A041 /* JSQMessagesComposerTextView.m in Sources */,
				874C88271B4ADB3B0069A041 /* JSQMessagesKeyboardController.m in Sources */,
				874C883E1B4ADB3B0069A041 /* JSQMessagesCollectionViewCellOutgoing.m in Sources */,
				874C882E1B4ADB3B0069A041 /* JSQMessagesToolbarButtonFactory.m in Sources */,
				874C883B1B4ADB3B0069A041 /* JSQMessagesCollectionViewCell.m in Sources */,
				874C88241B4ADB3B0069A041 /* UIDevice+JSQMessages.m in Sources */,
				874C88421B4ADB3B0069A041 /* JSQMessagesLabel.m in Sources */,
				8707F9F41B4476BD004B4C20 /* AFHTTPSessionManager.m in Sources */,
				87D472351B749891008075B8 /* HomeViewController.m in Sources */,
				874C882A1B4ADB3B0069A041 /* JSQMessagesAvatarImageFactory.m in Sources */,
				87175C591B4ADF9E00C042E4 /* DemoModelData.m in Sources */,
				874C88201B4ADB3B0069A041 /* JSQSystemSoundPlayer+JSQMessages.m in Sources */,
				874C88341B4ADB3B0069A041 /* JSQMessage.m in Sources */,
				874C88321B4ADB3B0069A041 /* JSQLocationMediaItem.m in Sources */,
				874C88361B4ADB3B0069A041 /* JSQMessagesBubbleImage.m in Sources */,
				87175C681B4AE03700C042E4 /* JSQSystemSoundPlayer.m in Sources */,
				874C88211B4ADB3B0069A041 /* NSBundle+JSQMessages.m in Sources */,
				87098F601B74E88000C3E7C9 /* CreateChatViewController.m in Sources */,
			);
			runOnlyForDeploymentPostprocessing = 0;
		};
		8707F9C71B446F57004B4C20 /* Sources */ = {
			isa = PBXSourcesBuildPhase;
			buildActionMask = 2147483647;
			files = (
				8707F9D21B446F57004B4C20 /* InstaMelodyTests.m in Sources */,
			);
			runOnlyForDeploymentPostprocessing = 0;
		};
/* End PBXSourcesBuildPhase section */

/* Begin PBXTargetDependency section */
		8707F9CD1B446F57004B4C20 /* PBXTargetDependency */ = {
			isa = PBXTargetDependency;
			target = 8707F9AE1B446F57004B4C20 /* InstaMelody */;
			targetProxy = 8707F9CC1B446F57004B4C20 /* PBXContainerItemProxy */;
		};
/* End PBXTargetDependency section */

/* Begin PBXVariantGroup section */
		8707F9BF1B446F57004B4C20 /* Main.storyboard */ = {
			isa = PBXVariantGroup;
			children = (
				8707F9C01B446F57004B4C20 /* Base */,
			);
			name = Main.storyboard;
			sourceTree = "<group>";
		};
		8707F9C41B446F57004B4C20 /* LaunchScreen.xib */ = {
			isa = PBXVariantGroup;
			children = (
				8707F9C51B446F57004B4C20 /* Base */,
			);
			name = LaunchScreen.xib;
			sourceTree = "<group>";
		};
/* End PBXVariantGroup section */

/* Begin XCBuildConfiguration section */
		8707F9D31B446F57004B4C20 /* Debug */ = {
			isa = XCBuildConfiguration;
			buildSettings = {
				ALWAYS_SEARCH_USER_PATHS = NO;
				CLANG_CXX_LANGUAGE_STANDARD = "gnu++0x";
				CLANG_CXX_LIBRARY = "libc++";
				CLANG_ENABLE_MODULES = YES;
				CLANG_ENABLE_OBJC_ARC = YES;
				CLANG_WARN_BOOL_CONVERSION = YES;
				CLANG_WARN_CONSTANT_CONVERSION = YES;
				CLANG_WARN_DIRECT_OBJC_ISA_USAGE = YES_ERROR;
				CLANG_WARN_EMPTY_BODY = YES;
				CLANG_WARN_ENUM_CONVERSION = YES;
				CLANG_WARN_INT_CONVERSION = YES;
				CLANG_WARN_OBJC_ROOT_CLASS = YES_ERROR;
				CLANG_WARN_UNREACHABLE_CODE = YES;
				CLANG_WARN__DUPLICATE_METHOD_MATCH = YES;
				"CODE_SIGN_IDENTITY[sdk=iphoneos*]" = "iPhone Developer";
				COPY_PHASE_STRIP = NO;
				DEBUG_INFORMATION_FORMAT = "dwarf-with-dsym";
				ENABLE_STRICT_OBJC_MSGSEND = YES;
				GCC_C_LANGUAGE_STANDARD = gnu99;
				GCC_DYNAMIC_NO_PIC = NO;
				GCC_NO_COMMON_BLOCKS = YES;
				GCC_OPTIMIZATION_LEVEL = 0;
				GCC_PREPROCESSOR_DEFINITIONS = (
					"DEBUG=1",
					"$(inherited)",
				);
				GCC_SYMBOLS_PRIVATE_EXTERN = NO;
				GCC_WARN_64_TO_32_BIT_CONVERSION = YES;
				GCC_WARN_ABOUT_RETURN_TYPE = YES_ERROR;
				GCC_WARN_UNDECLARED_SELECTOR = YES;
				GCC_WARN_UNINITIALIZED_AUTOS = YES_AGGRESSIVE;
				GCC_WARN_UNUSED_FUNCTION = YES;
				GCC_WARN_UNUSED_VARIABLE = YES;
				IPHONEOS_DEPLOYMENT_TARGET = 8.3;
				MTL_ENABLE_DEBUG_INFO = YES;
				ONLY_ACTIVE_ARCH = YES;
				SDKROOT = iphoneos;
				TARGETED_DEVICE_FAMILY = "1,2";
			};
			name = Debug;
		};
		8707F9D41B446F57004B4C20 /* Release */ = {
			isa = XCBuildConfiguration;
			buildSettings = {
				ALWAYS_SEARCH_USER_PATHS = NO;
				CLANG_CXX_LANGUAGE_STANDARD = "gnu++0x";
				CLANG_CXX_LIBRARY = "libc++";
				CLANG_ENABLE_MODULES = YES;
				CLANG_ENABLE_OBJC_ARC = YES;
				CLANG_WARN_BOOL_CONVERSION = YES;
				CLANG_WARN_CONSTANT_CONVERSION = YES;
				CLANG_WARN_DIRECT_OBJC_ISA_USAGE = YES_ERROR;
				CLANG_WARN_EMPTY_BODY = YES;
				CLANG_WARN_ENUM_CONVERSION = YES;
				CLANG_WARN_INT_CONVERSION = YES;
				CLANG_WARN_OBJC_ROOT_CLASS = YES_ERROR;
				CLANG_WARN_UNREACHABLE_CODE = YES;
				CLANG_WARN__DUPLICATE_METHOD_MATCH = YES;
				"CODE_SIGN_IDENTITY[sdk=iphoneos*]" = "iPhone Developer";
				COPY_PHASE_STRIP = NO;
				DEBUG_INFORMATION_FORMAT = "dwarf-with-dsym";
				ENABLE_NS_ASSERTIONS = NO;
				ENABLE_STRICT_OBJC_MSGSEND = YES;
				GCC_C_LANGUAGE_STANDARD = gnu99;
				GCC_NO_COMMON_BLOCKS = YES;
				GCC_WARN_64_TO_32_BIT_CONVERSION = YES;
				GCC_WARN_ABOUT_RETURN_TYPE = YES_ERROR;
				GCC_WARN_UNDECLARED_SELECTOR = YES;
				GCC_WARN_UNINITIALIZED_AUTOS = YES_AGGRESSIVE;
				GCC_WARN_UNUSED_FUNCTION = YES;
				GCC_WARN_UNUSED_VARIABLE = YES;
				IPHONEOS_DEPLOYMENT_TARGET = 8.3;
				MTL_ENABLE_DEBUG_INFO = NO;
				SDKROOT = iphoneos;
				TARGETED_DEVICE_FAMILY = "1,2";
				VALIDATE_PRODUCT = YES;
			};
			name = Release;
		};
		8707F9D61B446F57004B4C20 /* Debug */ = {
			isa = XCBuildConfiguration;
			baseConfigurationReference = 7E4C9DC22F5EAEA430AB4E1D /* Pods-InstaMelody.debug.xcconfig */;
			buildSettings = {
				ASSETCATALOG_COMPILER_APPICON_NAME = AppIcon;
				CODE_SIGN_IDENTITY = "iPhone Developer";
				"CODE_SIGN_IDENTITY[sdk=iphoneos*]" = "iPhone Developer";
				INFOPLIST_FILE = InstaMelody/Info.plist;
				LD_RUNPATH_SEARCH_PATHS = "$(inherited) @executable_path/Frameworks";
				PRODUCT_NAME = "$(TARGET_NAME)";
				PROVISIONING_PROFILE = "";
			};
			name = Debug;
		};
		8707F9D71B446F57004B4C20 /* Release */ = {
			isa = XCBuildConfiguration;
			baseConfigurationReference = 85A8BE665FB43D9DB14E6A1E /* Pods-InstaMelody.release.xcconfig */;
			buildSettings = {
				ASSETCATALOG_COMPILER_APPICON_NAME = AppIcon;
				CODE_SIGN_IDENTITY = "iPhone Developer";
				"CODE_SIGN_IDENTITY[sdk=iphoneos*]" = "iPhone Developer";
				INFOPLIST_FILE = InstaMelody/Info.plist;
				LD_RUNPATH_SEARCH_PATHS = "$(inherited) @executable_path/Frameworks";
				PRODUCT_NAME = "$(TARGET_NAME)";
				PROVISIONING_PROFILE = "";
			};
			name = Release;
		};
		8707F9D91B446F57004B4C20 /* Debug */ = {
			isa = XCBuildConfiguration;
			buildSettings = {
				BUNDLE_LOADER = "$(TEST_HOST)";
				FRAMEWORK_SEARCH_PATHS = (
					"$(SDKROOT)/Developer/Library/Frameworks",
					"$(inherited)",
				);
				GCC_PREPROCESSOR_DEFINITIONS = (
					"DEBUG=1",
					"$(inherited)",
				);
				INFOPLIST_FILE = InstaMelodyTests/Info.plist;
				LD_RUNPATH_SEARCH_PATHS = "$(inherited) @executable_path/Frameworks @loader_path/Frameworks";
				PRODUCT_NAME = "$(TARGET_NAME)";
				TEST_HOST = "$(BUILT_PRODUCTS_DIR)/InstaMelody.app/InstaMelody";
			};
			name = Debug;
		};
		8707F9DA1B446F57004B4C20 /* Release */ = {
			isa = XCBuildConfiguration;
			buildSettings = {
				BUNDLE_LOADER = "$(TEST_HOST)";
				FRAMEWORK_SEARCH_PATHS = (
					"$(SDKROOT)/Developer/Library/Frameworks",
					"$(inherited)",
				);
				INFOPLIST_FILE = InstaMelodyTests/Info.plist;
				LD_RUNPATH_SEARCH_PATHS = "$(inherited) @executable_path/Frameworks @loader_path/Frameworks";
				PRODUCT_NAME = "$(TARGET_NAME)";
				TEST_HOST = "$(BUILT_PRODUCTS_DIR)/InstaMelody.app/InstaMelody";
			};
			name = Release;
		};
/* End XCBuildConfiguration section */

/* Begin XCConfigurationList section */
		8707F9AA1B446F57004B4C20 /* Build configuration list for PBXProject "InstaMelody" */ = {
			isa = XCConfigurationList;
			buildConfigurations = (
				8707F9D31B446F57004B4C20 /* Debug */,
				8707F9D41B446F57004B4C20 /* Release */,
			);
			defaultConfigurationIsVisible = 0;
			defaultConfigurationName = Release;
		};
		8707F9D51B446F57004B4C20 /* Build configuration list for PBXNativeTarget "InstaMelody" */ = {
			isa = XCConfigurationList;
			buildConfigurations = (
				8707F9D61B446F57004B4C20 /* Debug */,
				8707F9D71B446F57004B4C20 /* Release */,
			);
			defaultConfigurationIsVisible = 0;
			defaultConfigurationName = Release;
		};
		8707F9D81B446F57004B4C20 /* Build configuration list for PBXNativeTarget "InstaMelodyTests" */ = {
			isa = XCConfigurationList;
			buildConfigurations = (
				8707F9D91B446F57004B4C20 /* Debug */,
				8707F9DA1B446F57004B4C20 /* Release */,
			);
			defaultConfigurationIsVisible = 0;
			defaultConfigurationName = Release;
		};
/* End XCConfigurationList section */

/* Begin XCVersionGroup section */
		879CCC521B81D2870031FDCC /* Model.xcdatamodeld */ = {
			isa = XCVersionGroup;
			children = (
				879CCC531B81D2870031FDCC /* Model.xcdatamodel */,
			);
			currentVersion = 879CCC531B81D2870031FDCC /* Model.xcdatamodel */;
			path = Model.xcdatamodeld;
			sourceTree = "<group>";
			versionGroupType = wrapper.xcdatamodel;
		};
/* End XCVersionGroup section */
	};
	rootObject = 8707F9A71B446F57004B4C20 /* Project object */;
}
